// !$*UTF8*$!
{
	archiveVersion = 1;
	classes = {
	};
	objectVersion = 46;
	objects = {
		BA7F2CF61A3EB1C76ADD3663 = {
			isa = PBXBuildFile;
			fileRef = 7449C7A98D453D330C0E8802;
		};
		6A9D26516AA984A6C3A6FBB0 = {
			isa = PBXBuildFile;
			fileRef = 3435E35F66D082C1EEDC8A9D;
		};
		2E9F783F7B792DBE46D4E02F = {
			isa = PBXBuildFile;
			fileRef = 9F3EC620288C478A36B56BF2;
		};
		A156C1B0A120FAE4EDB4F1A0 = {
			isa = PBXBuildFile;
			fileRef = 018DC1907350206A067CBCEE;
		};
		F2A490C875A30B2DEEE29807 = {
			isa = PBXBuildFile;
			fileRef = B14336FF4CBA5FF785D341FC;
		};
		9E1168FC60DB7EA628971FA4 = {
			isa = PBXBuildFile;
			fileRef = 1779FB8B8DDE74111610892F;
		};
		5967FEB5AF3CB274E03D5812 = {
			isa = PBXBuildFile;
			fileRef = 3256009CF93E841B24329B1B;
		};
		1F37BFF37785A0706FDDAC3C = {
			isa = PBXBuildFile;
			fileRef = 0F86CD652E353E91A45A2BEB;
		};
		FC0B9198D58726E918935701 = {
			isa = PBXBuildFile;
			fileRef = 795C9F489FDEFEC36BB23586;
		};
		5A563F5DE2CD4882C43A8C5D = {
			isa = PBXBuildFile;
			fileRef = 87EF193AF7274841843F65F2;
		};
		C846679DB5A004CFED1220D5 = {
			isa = PBXBuildFile;
			fileRef = 377A98179C39662F2B0175C6;
		};
		859EB009261195B85C303A25 = {
			isa = PBXBuildFile;
			fileRef = AC0288B04389785F6B8A4DC9;
		};
		862C2E34B34C956BACDB3FAF = {
			isa = PBXBuildFile;
			fileRef = F20CECCC303150037787D98B;
		};
		13AA36A4593DC76A8AD54D3C = {
			isa = PBXBuildFile;
			fileRef = 66D63825FFB58F4703BA3B6F;
		};
		6BFB80EC3C838AD8177AF112 = {
			isa = PBXBuildFile;
			fileRef = BF4173CE9E8A62B81395D000;
		};
		035BCC302D08EEAB0FDE66B5 = {
			isa = PBXBuildFile;
			fileRef = D6D850B5FC66F3B3627F7736;
		};
		79AE66D76D2660A2E42D8D14 = {
			isa = PBXBuildFile;
			fileRef = BFA96A5676AE4B2ADAB5D84A;
		};
		8526164D5263E0C327244BD9 = {
			isa = PBXBuildFile;
			fileRef = D2C6D668DD03F25EB3FC3322;
		};
		3E67BEC160E2050B6C2E48E1 = {
			isa = PBXBuildFile;
			fileRef = F58B53129DEBEAA213889EED;
		};
		AC8DDDB1A7652FFB5C2C2AF1 = {
			isa = PBXBuildFile;
			fileRef = 32B1934198B4ABAF7C1D7877;
		};
		090EA4B64903847AA582378E = {
			isa = PBXBuildFile;
			fileRef = 08D8BC9B35E3B3BF595BC3A5;
		};
		F3755FA8E7991270AE4E673D = {
			isa = PBXBuildFile;
			fileRef = 54D2D00AFC8B02298AD3E2CE;
		};
		858286E12CD18AC0392C8D77 = {
			isa = PBXBuildFile;
			fileRef = 360318E14ABF386FB5BFA878;
		};
		6799B6F45CBBE3040315757E = {
			isa = PBXBuildFile;
			fileRef = 41D067CF063848717E82885F;
		};
		1B97DE753ADB366F7D8211AD = {
			isa = PBXBuildFile;
			fileRef = 581A660E32CA076036CD6605;
		};
		6874E2E1A9527C0343D08593 = {
			isa = PBXBuildFile;
			fileRef = E782C6D2BB4C01F5765044F3;
		};
		A6066B2A9B6ED66DF16A25AA = {
			isa = PBXBuildFile;
			fileRef = 58F1522D6AAD860D8313064D;
		};
		EC10AC06447ADD31DA835435 = {
			isa = PBXBuildFile;
			fileRef = 9C9C2144276BD7A2352C874C;
		};
		8979259CDAF0B69E6A8AA65B = {
			isa = PBXBuildFile;
			fileRef = AE17BEF80C2457A219569FD8;
		};
		27D7EC830485FD391CAE1D86 = {
			isa = PBXBuildFile;
			fileRef = 55B237F325B99D79582189A8;
		};
		2A3892FF7111F6807436DCBE = {
			isa = PBXBuildFile;
			fileRef = 1D082E3142C4F4721A37500A;
		};
		50B643FA3D6E7BE9791B3514 = {
			isa = PBXBuildFile;
			fileRef = C22DB6B0C13896B4CEC285BD;
		};
		7A36038D8CB242A481999E1F = {
			isa = PBXBuildFile;
			fileRef = 77FA88A055DC156659EA9C79;
		};
		8DBA3F723F9D63CD84EE20F4 = {
			isa = PBXBuildFile;
			fileRef = A318F5A68E7D23E7A6E4679A;
		};
		56EE095DB854C8DE9901028D = {
			isa = PBXBuildFile;
			fileRef = DCD3E4484296B6D69CEF5596;
		};
		280EBA8E154A6587E52EA703 = {
			isa = PBXBuildFile;
			fileRef = 550259AEA81E5FEE30786100;
		};
		15219BEE842B01FF1D0D7594 = {
			isa = PBXBuildFile;
			fileRef = 3361E59072B4749D7ABEE573;
		};
		4A9DE1950E1065A942D57C2C = {
			isa = PBXBuildFile;
			fileRef = 9BD07E909E5C2D375F3C9820;
		};
		54535829C9502005355ADE12 = {
			isa = PBXBuildFile;
			fileRef = A8E673D5DD0833723E53E9FC;
		};
		01013DA8F4970996A2123973 = {
			isa = PBXFileReference;
			lastKnownFileType = file;
			name = "juce_gui_extra";
			path = "/Users/Richie/Desktop/JuceProjects/JUCE/modules/juce_gui_extra";
			sourceTree = "<absolute>";
		};
		08D8BC9B35E3B3BF595BC3A5 = {
			isa = PBXFileReference;
			lastKnownFileType = sourcecode.cpp.objcpp;
			name = "include_juce_audio_basics.mm";
			path = "../../JuceLibraryCode/include_juce_audio_basics.mm";
			sourceTree = "SOURCE_ROOT";
		};
		0F86CD652E353E91A45A2BEB = {
			isa = PBXFileReference;
			lastKnownFileType = wrapper.framework;
			name = Carbon.framework;
			path = System/Library/Frameworks/Carbon.framework;
			sourceTree = SDKROOT;
		};
		11A2EBD0AE3907FE2A101919 = {
			isa = PBXFileReference;
			lastKnownFileType = file;
			name = "juce_core";
			path = "/Users/Richie/Desktop/JuceProjects/JUCE/modules/juce_core";
			sourceTree = "<absolute>";
		};
		1779FB8B8DDE74111610892F = {
			isa = PBXFileReference;
			lastKnownFileType = wrapper.framework;
			name = Accelerate.framework;
			path = System/Library/Frameworks/Accelerate.framework;
			sourceTree = SDKROOT;
		};
		1D082E3142C4F4721A37500A = {
			isa = PBXFileReference;
			lastKnownFileType = sourcecode.cpp.objcpp;
			name = "include_juce_audio_processors.mm";
			path = "../../JuceLibraryCode/include_juce_audio_processors.mm";
			sourceTree = "SOURCE_ROOT";
		};
		2B574BE3363DD22FA472728B = {
			isa = PBXFileReference;
			lastKnownFileType = file;
			name = "juce_audio_processors";
			path = "/Users/Richie/Desktop/JuceProjects/JUCE/modules/juce_audio_processors";
			sourceTree = "<absolute>";
		};
		3256009CF93E841B24329B1B = {
			isa = PBXFileReference;
			lastKnownFileType = wrapper.framework;
			name = AudioToolbox.framework;
			path = System/Library/Frameworks/AudioToolbox.framework;
			sourceTree = SDKROOT;
		};
		32B1934198B4ABAF7C1D7877 = {
			isa = PBXFileReference;
			lastKnownFileType = sourcecode.cpp.cpp;
			name = PluginEditor.cpp;
			path = ../../Source/PluginEditor.cpp;
			sourceTree = "SOURCE_ROOT";
		};
		3361E59072B4749D7ABEE573 = {
			isa = PBXFileReference;
			lastKnownFileType = sourcecode.cpp.objcpp;
			name = "include_juce_graphics.mm";
			path = "../../JuceLibraryCode/include_juce_graphics.mm";
			sourceTree = "SOURCE_ROOT";
		};
		360318E14ABF386FB5BFA878 = {
			isa = PBXFileReference;
			lastKnownFileType = sourcecode.cpp.objcpp;
			name = "include_juce_audio_formats.mm";
			path = "../../JuceLibraryCode/include_juce_audio_formats.mm";
			sourceTree = "SOURCE_ROOT";
		};
		377A98179C39662F2B0175C6 = {
			isa = PBXFileReference;
			lastKnownFileType = wrapper.framework;
			name = CoreAudioKit.framework;
			path = System/Library/Frameworks/CoreAudioKit.framework;
			sourceTree = SDKROOT;
		};
		3FF02F31A2269345E46F74D8 = {
			isa = PBXFileReference;
			lastKnownFileType = file;
			name = "juce_audio_devices";
			path = "/Users/Richie/Desktop/JuceProjects/JUCE/modules/juce_audio_devices";
			sourceTree = "<absolute>";
		};
		41D067CF063848717E82885F = {
			isa = PBXFileReference;
			lastKnownFileType = file.r;
			name = "include_juce_audio_plugin_client_AU.r";
			path = "../../JuceLibraryCode/include_juce_audio_plugin_client_AU.r";
			sourceTree = "SOURCE_ROOT";
		};
		446049E2FC8887424FB3A78E = {
			isa = PBXFileReference;
			lastKnownFileType = sourcecode.c.h;
			name = JucePluginDefines.h;
			path = ../../JuceLibraryCode/JucePluginDefines.h;
			sourceTree = "SOURCE_ROOT";
		};
		4597CD1B67A10009F8975FD3 = {
			isa = PBXFileReference;
			lastKnownFileType = sourcecode.c.h;
			name = fxobjects.h;
			path = ../../Source/fxobjects.h;
			sourceTree = "SOURCE_ROOT";
		};
		459BBDC1D040D70E7155FC13 = {
			isa = PBXFileReference;
			lastKnownFileType = file;
			name = "juce_audio_plugin_client";
			path = "/Users/Richie/Desktop/JuceProjects/JUCE/modules/juce_audio_plugin_client";
			sourceTree = "<absolute>";
		};
		54D2D00AFC8B02298AD3E2CE = {
			isa = PBXFileReference;
			lastKnownFileType = sourcecode.cpp.objcpp;
			name = "include_juce_audio_devices.mm";
			path = "../../JuceLibraryCode/include_juce_audio_devices.mm";
			sourceTree = "SOURCE_ROOT";
		};
		550259AEA81E5FEE30786100 = {
			isa = PBXFileReference;
			lastKnownFileType = sourcecode.cpp.objcpp;
			name = "include_juce_events.mm";
			path = "../../JuceLibraryCode/include_juce_events.mm";
			sourceTree = "SOURCE_ROOT";
		};
		55B237F325B99D79582189A8 = {
			isa = PBXFileReference;
			lastKnownFileType = sourcecode.cpp.cpp;
			name = "include_juce_audio_plugin_client_VST3.cpp";
			path = "../../JuceLibraryCode/include_juce_audio_plugin_client_VST3.cpp";
			sourceTree = "SOURCE_ROOT";
		};
		66D63825FFB58F4703BA3B6F = {
			isa = PBXFileReference;
			lastKnownFileType = wrapper.framework;
			name = Foundation.framework;
			path = System/Library/Frameworks/Foundation.framework;
			sourceTree = SDKROOT;
		};
		7449C7A98D453D330C0E8802 = {
			isa = PBXFileReference;
			explicitFileType = wrapper.cfbundle;
			includeInIndex = 0;
			path = DigitalFilters.vst3;
			sourceTree = "BUILT_PRODUCTS_DIR";
		};
		3435E35F66D082C1EEDC8A9D = {
			isa = PBXFileReference;
			explicitFileType = wrapper.cfbundle;
			includeInIndex = 0;
			path = DigitalFilters.component;
			sourceTree = "BUILT_PRODUCTS_DIR";
		};
		9F3EC620288C478A36B56BF2 = {
			isa = PBXFileReference;
			explicitFileType = wrapper.application;
			includeInIndex = 0;
			path = DigitalFilters.app;
			sourceTree = "BUILT_PRODUCTS_DIR";
		};
		018DC1907350206A067CBCEE = {
			isa = PBXFileReference;
			explicitFileType = archive.ar;
			includeInIndex = 0;
			path = libDigitalFilters.a;
			sourceTree = "BUILT_PRODUCTS_DIR";
		};
		022F47CA46BF81157BD7FA11 = {
			isa = PBXFileReference;
			lastKnownFileType = text.plist.xml;
			name = "Info-VST3.plist";
			path = "Info-VST3.plist";
			sourceTree = "SOURCE_ROOT";
		};
		49B9BFAC5AE2BDE6292E1D46 = {
			isa = PBXFileReference;
			lastKnownFileType = text.plist.xml;
			name = "Info-AU.plist";
			path = "Info-AU.plist";
			sourceTree = "SOURCE_ROOT";
		};
		53E8B40104D70DECB19F02F5 = {
			isa = PBXFileReference;
			lastKnownFileType = text.plist.xml;
			name = "Info-Standalone_Plugin.plist";
			path = "Info-Standalone_Plugin.plist";
			sourceTree = "SOURCE_ROOT";
		};
		581A660E32CA076036CD6605 = {
			isa = PBXFileReference;
			lastKnownFileType = sourcecode.cpp.objcpp;
			name = "include_juce_audio_plugin_client_AU_1.mm";
			path = "../../JuceLibraryCode/include_juce_audio_plugin_client_AU_1.mm";
			sourceTree = "SOURCE_ROOT";
		};
		58F1522D6AAD860D8313064D = {
			isa = PBXFileReference;
			lastKnownFileType = sourcecode.cpp.cpp;
			name = "include_juce_audio_plugin_client_Standalone.cpp";
			path = "../../JuceLibraryCode/include_juce_audio_plugin_client_Standalone.cpp";
			sourceTree = "SOURCE_ROOT";
		};
		61EE18DE040D7B18576BFD1E = {
			isa = PBXFileReference;
			lastKnownFileType = sourcecode.c.h;
			name = FilterObjects.h;
			path = ../../Source/FilterObjects.h;
			sourceTree = "SOURCE_ROOT";
		};
		77FA88A055DC156659EA9C79 = {
			isa = PBXFileReference;
			lastKnownFileType = sourcecode.cpp.objcpp;
			name = "include_juce_core.mm";
			path = "../../JuceLibraryCode/include_juce_core.mm";
			sourceTree = "SOURCE_ROOT";
		};
		795C9F489FDEFEC36BB23586 = {
			isa = PBXFileReference;
			lastKnownFileType = wrapper.framework;
			name = Cocoa.framework;
			path = System/Library/Frameworks/Cocoa.framework;
			sourceTree = SDKROOT;
		};
		7C8C651AE41D10CD541445E7 = {
			isa = PBXFileReference;
			lastKnownFileType = file;
			name = "juce_events";
			path = "/Users/Richie/Desktop/JuceProjects/JUCE/modules/juce_events";
			sourceTree = "<absolute>";
		};
		81B481DCBD8FDF0850D169A0 = {
			isa = PBXFileReference;
			lastKnownFileType = sourcecode.c.h;
			name = JuceHeader.h;
			path = ../../JuceLibraryCode/JuceHeader.h;
			sourceTree = "SOURCE_ROOT";
		};
		82B35233DA9DBDFE8AB836F2 = {
			isa = PBXFileReference;
			lastKnownFileType = file;
			name = "juce_audio_utils";
			path = "/Users/Richie/Desktop/JuceProjects/JUCE/modules/juce_audio_utils";
			sourceTree = "<absolute>";
		};
		87EF193AF7274841843F65F2 = {
			isa = PBXFileReference;
			lastKnownFileType = wrapper.framework;
			name = CoreAudio.framework;
			path = System/Library/Frameworks/CoreAudio.framework;
			sourceTree = SDKROOT;
		};
		964CA19D2ECE59AE27100A87 = {
			isa = PBXFileReference;
			lastKnownFileType = file;
			name = "juce_audio_formats";
			path = "/Users/Richie/Desktop/JuceProjects/JUCE/modules/juce_audio_formats";
			sourceTree = "<absolute>";
		};
		9BD07E909E5C2D375F3C9820 = {
			isa = PBXFileReference;
			lastKnownFileType = sourcecode.cpp.objcpp;
			name = "include_juce_gui_basics.mm";
			path = "../../JuceLibraryCode/include_juce_gui_basics.mm";
			sourceTree = "SOURCE_ROOT";
		};
		9C9C2144276BD7A2352C874C = {
			isa = PBXFileReference;
			lastKnownFileType = sourcecode.cpp.cpp;
			name = "include_juce_audio_plugin_client_utils.cpp";
			path = "../../JuceLibraryCode/include_juce_audio_plugin_client_utils.cpp";
			sourceTree = "SOURCE_ROOT";
		};
		A318F5A68E7D23E7A6E4679A = {
			isa = PBXFileReference;
			lastKnownFileType = sourcecode.cpp.objcpp;
			name = "include_juce_data_structures.mm";
			path = "../../JuceLibraryCode/include_juce_data_structures.mm";
			sourceTree = "SOURCE_ROOT";
		};
		A8E673D5DD0833723E53E9FC = {
			isa = PBXFileReference;
			lastKnownFileType = sourcecode.cpp.objcpp;
			name = "include_juce_gui_extra.mm";
			path = "../../JuceLibraryCode/include_juce_gui_extra.mm";
			sourceTree = "SOURCE_ROOT";
		};
		AC0288B04389785F6B8A4DC9 = {
			isa = PBXFileReference;
			lastKnownFileType = wrapper.framework;
			name = CoreMIDI.framework;
			path = System/Library/Frameworks/CoreMIDI.framework;
			sourceTree = SDKROOT;
		};
		AE17BEF80C2457A219569FD8 = {
			isa = PBXFileReference;
			lastKnownFileType = sourcecode.cpp.objcpp;
			name = "include_juce_audio_plugin_client_VST_utils.mm";
			path = "../../JuceLibraryCode/include_juce_audio_plugin_client_VST_utils.mm";
			sourceTree = "SOURCE_ROOT";
		};
		B14336FF4CBA5FF785D341FC = {
			isa = PBXFileReference;
			lastKnownFileType = wrapper.framework;
			name = AudioUnit.framework;
			path = System/Library/Frameworks/AudioUnit.framework;
			sourceTree = SDKROOT;
		};
		B1B621EDABFA2E6E768D0DFC = {
			isa = PBXFileReference;
			lastKnownFileType = file;
			name = "juce_graphics";
			path = "/Users/Richie/Desktop/JuceProjects/JUCE/modules/juce_graphics";
			sourceTree = "<absolute>";
		};
		B3163825160DB176E0FE82E6 = {
			isa = PBXFileReference;
			lastKnownFileType = file;
			name = "juce_data_structures";
			path = "/Users/Richie/Desktop/JuceProjects/JUCE/modules/juce_data_structures";
			sourceTree = "<absolute>";
		};
		B740C35435C8DE38F5DAF3CD = {
			isa = PBXFileReference;
			lastKnownFileType = sourcecode.c.h;
			name = PluginProcessor.h;
			path = ../../Source/PluginProcessor.h;
			sourceTree = "SOURCE_ROOT";
		};
		B8F640B4D6560A6AE3394DF2 = {
			isa = PBXFileReference;
			lastKnownFileType = file;
			name = "juce_dsp";
			path = "/Users/Richie/Desktop/JuceProjects/JUCE/modules/juce_dsp";
			sourceTree = "<absolute>";
		};
		BE9EA600EA8D5D2C74DDA772 = {
			isa = PBXFileReference;
			lastKnownFileType = sourcecode.c.h;
			name = PluginEditor.h;
			path = ../../Source/PluginEditor.h;
			sourceTree = "SOURCE_ROOT";
		};
		BF4173CE9E8A62B81395D000 = {
			isa = PBXFileReference;
			lastKnownFileType = wrapper.framework;
			name = IOKit.framework;
			path = System/Library/Frameworks/IOKit.framework;
			sourceTree = SDKROOT;
		};
		BFA96A5676AE4B2ADAB5D84A = {
			isa = PBXFileReference;
			lastKnownFileType = wrapper.framework;
			name = WebKit.framework;
			path = System/Library/Frameworks/WebKit.framework;
			sourceTree = SDKROOT;
		};
		C22DB6B0C13896B4CEC285BD = {
			isa = PBXFileReference;
			lastKnownFileType = sourcecode.cpp.objcpp;
			name = "include_juce_audio_utils.mm";
			path = "../../JuceLibraryCode/include_juce_audio_utils.mm";
			sourceTree = "SOURCE_ROOT";
		};
		D2C6D668DD03F25EB3FC3322 = {
			isa = PBXFileReference;
			lastKnownFileType = file.nib;
			name = RecentFilesMenuTemplate.nib;
			path = RecentFilesMenuTemplate.nib;
			sourceTree = "SOURCE_ROOT";
		};
		D6D850B5FC66F3B3627F7736 = {
			isa = PBXFileReference;
			lastKnownFileType = wrapper.framework;
			name = QuartzCore.framework;
			path = System/Library/Frameworks/QuartzCore.framework;
			sourceTree = SDKROOT;
		};
		DCD3E4484296B6D69CEF5596 = {
			isa = PBXFileReference;
			lastKnownFileType = sourcecode.cpp.objcpp;
			name = "include_juce_dsp.mm";
			path = "../../JuceLibraryCode/include_juce_dsp.mm";
			sourceTree = "SOURCE_ROOT";
		};
		E23D5D156B1AF7F6230BBFEB = {
			isa = PBXFileReference;
			lastKnownFileType = file;
			name = "juce_audio_basics";
			path = "/Users/Richie/Desktop/JuceProjects/JUCE/modules/juce_audio_basics";
			sourceTree = "<absolute>";
		};
		E782C6D2BB4C01F5765044F3 = {
			isa = PBXFileReference;
			lastKnownFileType = sourcecode.cpp.objcpp;
			name = "include_juce_audio_plugin_client_AU_2.mm";
			path = "../../JuceLibraryCode/include_juce_audio_plugin_client_AU_2.mm";
			sourceTree = "SOURCE_ROOT";
		};
		F20CECCC303150037787D98B = {
			isa = PBXFileReference;
			lastKnownFileType = wrapper.framework;
			name = DiscRecording.framework;
			path = System/Library/Frameworks/DiscRecording.framework;
			sourceTree = SDKROOT;
		};
		F58B53129DEBEAA213889EED = {
			isa = PBXFileReference;
			lastKnownFileType = sourcecode.cpp.cpp;
			name = PluginProcessor.cpp;
			path = ../../Source/PluginProcessor.cpp;
			sourceTree = "SOURCE_ROOT";
		};
		F7AE2512F501C6DEF0964513 = {
			isa = PBXFileReference;
			lastKnownFileType = file;
			name = "juce_gui_basics";
			path = "/Users/Richie/Desktop/JuceProjects/JUCE/modules/juce_gui_basics";
			sourceTree = "<absolute>";
		};
		DD9F8E648A4AE81F26355F62 = {
			isa = PBXGroup;
			children = (
				4597CD1B67A10009F8975FD3,
				61EE18DE040D7B18576BFD1E,
				F58B53129DEBEAA213889EED,
				B740C35435C8DE38F5DAF3CD,
				32B1934198B4ABAF7C1D7877,
				BE9EA600EA8D5D2C74DDA772,
			);
			name = Source;
			sourceTree = "<group>";
		};
		70FB6774FBD824B4C8B4DB66 = {
			isa = PBXGroup;
			children = (
				DD9F8E648A4AE81F26355F62,
			);
			name = DigitalFilters;
			sourceTree = "<group>";
		};
		BADB1F608E7BED7967210AE3 = {
			isa = PBXGroup;
			children = (
				E23D5D156B1AF7F6230BBFEB,
				3FF02F31A2269345E46F74D8,
				964CA19D2ECE59AE27100A87,
				459BBDC1D040D70E7155FC13,
				2B574BE3363DD22FA472728B,
				82B35233DA9DBDFE8AB836F2,
				11A2EBD0AE3907FE2A101919,
				B3163825160DB176E0FE82E6,
				B8F640B4D6560A6AE3394DF2,
				7C8C651AE41D10CD541445E7,
				B1B621EDABFA2E6E768D0DFC,
				F7AE2512F501C6DEF0964513,
				01013DA8F4970996A2123973,
			);
			name = "JUCE Modules";
			sourceTree = "<group>";
		};
		E9CB5FD022513273FFDCE325 = {
			isa = PBXGroup;
			children = (
				08D8BC9B35E3B3BF595BC3A5,
				54D2D00AFC8B02298AD3E2CE,
				360318E14ABF386FB5BFA878,
				41D067CF063848717E82885F,
				581A660E32CA076036CD6605,
				E782C6D2BB4C01F5765044F3,
				58F1522D6AAD860D8313064D,
				9C9C2144276BD7A2352C874C,
				AE17BEF80C2457A219569FD8,
				55B237F325B99D79582189A8,
				1D082E3142C4F4721A37500A,
				C22DB6B0C13896B4CEC285BD,
				77FA88A055DC156659EA9C79,
				A318F5A68E7D23E7A6E4679A,
				DCD3E4484296B6D69CEF5596,
				550259AEA81E5FEE30786100,
				3361E59072B4749D7ABEE573,
				9BD07E909E5C2D375F3C9820,
				A8E673D5DD0833723E53E9FC,
				81B481DCBD8FDF0850D169A0,
				446049E2FC8887424FB3A78E,
			);
			name = "JUCE Library Code";
			sourceTree = "<group>";
		};
		C4956A099487901BDEBCAEE1 = {
			isa = PBXGroup;
			children = (
				022F47CA46BF81157BD7FA11,
				49B9BFAC5AE2BDE6292E1D46,
				53E8B40104D70DECB19F02F5,
				D2C6D668DD03F25EB3FC3322,
			);
			name = Resources;
			sourceTree = "<group>";
		};
		6F179553D9DDE78CB3A02BFA = {
			isa = PBXGroup;
			children = (
				B14336FF4CBA5FF785D341FC,
				1779FB8B8DDE74111610892F,
				3256009CF93E841B24329B1B,
				0F86CD652E353E91A45A2BEB,
				795C9F489FDEFEC36BB23586,
				87EF193AF7274841843F65F2,
				377A98179C39662F2B0175C6,
				AC0288B04389785F6B8A4DC9,
				F20CECCC303150037787D98B,
				66D63825FFB58F4703BA3B6F,
				BF4173CE9E8A62B81395D000,
				D6D850B5FC66F3B3627F7736,
				BFA96A5676AE4B2ADAB5D84A,
			);
			name = Frameworks;
			sourceTree = "<group>";
		};
		CB97E0D7FAAECBC686ED97AD = {
			isa = PBXGroup;
			children = (
				7449C7A98D453D330C0E8802,
				3435E35F66D082C1EEDC8A9D,
				9F3EC620288C478A36B56BF2,
				018DC1907350206A067CBCEE,
			);
			name = Products;
			sourceTree = "<group>";
		};
		0D23188E131BF18188C996D6 = {
			isa = PBXGroup;
			children = (
				70FB6774FBD824B4C8B4DB66,
				BADB1F608E7BED7967210AE3,
				E9CB5FD022513273FFDCE325,
				C4956A099487901BDEBCAEE1,
				6F179553D9DDE78CB3A02BFA,
				CB97E0D7FAAECBC686ED97AD,
			);
			name = Source;
			sourceTree = "<group>";
		};
		23E084279410BBE79A784E6D = {
			isa = PBXTargetDependency;
			target = 210057FF338ECF20E70A053B;
		};
		4885C47D3BBBD9F17EAB568B = {
			isa = PBXTargetDependency;
			target = 08493BF84176E8BA7CCABBD0;
		};
		CCB607B12B3668BCBB5C1837 = {
			isa = PBXTargetDependency;
			target = AEFEEAC148D219CB5FA6E551;
		};
		38318DBB50AE024B384A9131 = {
			isa = PBXTargetDependency;
			target = C98591163DA0AC2798DF71B7;
		};
		EECEA5FB58FC407C9C3E1863 = {
			isa = PBXTargetDependency;
			target = C98591163DA0AC2798DF71B7;
		};
		302CAF77EEF92183E855A31D = {
			isa = PBXTargetDependency;
			target = C98591163DA0AC2798DF71B7;
		};
		CB0E35CBFEF1930D84D389C0 = {
			isa = PBXTargetDependency;
			target = C98591163DA0AC2798DF71B7;
		};
		1C2EEDF4FA30D304F14FFE3B = {
			isa = XCBuildConfiguration;
			buildSettings = {
				MACOSX_DEPLOYMENT_TARGET = 10.11;
				SDKROOT = macosx;
			};
			name = Debug;
		};
		A8E3515A91951DDE8244CD80 = {
			isa = XCBuildConfiguration;
			buildSettings = {
				MACOSX_DEPLOYMENT_TARGET = 10.11;
				SDKROOT = macosx;
			};
			name = Release;
		};
		7C0BBC597D7A361604BC17A8 = {
			isa = XCBuildConfiguration;
			buildSettings = {
				CLANG_CXX_LANGUAGE_STANDARD = "c++14";
				CLANG_CXX_LIBRARY = "libc++";
				CLANG_LINK_OBJC_RUNTIME = NO;
				CODE_SIGN_IDENTITY = "";
				COMBINE_HIDPI_IMAGES = YES;
				CONFIGURATION_BUILD_DIR = "$(PROJECT_DIR)/build/$(CONFIGURATION)";
				COPY_PHASE_STRIP = NO;
				DEPLOYMENT_LOCATION = YES;
				DSTROOT = /;
				GCC_DYNAMIC_NO_PIC = NO;
				GCC_OPTIMIZATION_LEVEL = 0;
				GCC_PREPROCESSOR_DEFINITIONS = (
					"_DEBUG=1",
					"DEBUG=1",
					"JUCE_DISPLAY_SPLASH_SCREEN=1",
					"JUCE_USE_DARK_SPLASH_SCREEN=1",
					"JUCE_PROJUCER_VERSION=0x60007",
					"JUCE_MODULE_AVAILABLE_juce_audio_basics=1",
					"JUCE_MODULE_AVAILABLE_juce_audio_devices=1",
					"JUCE_MODULE_AVAILABLE_juce_audio_formats=1",
					"JUCE_MODULE_AVAILABLE_juce_audio_plugin_client=1",
					"JUCE_MODULE_AVAILABLE_juce_audio_processors=1",
					"JUCE_MODULE_AVAILABLE_juce_audio_utils=1",
					"JUCE_MODULE_AVAILABLE_juce_core=1",
					"JUCE_MODULE_AVAILABLE_juce_data_structures=1",
					"JUCE_MODULE_AVAILABLE_juce_dsp=1",
					"JUCE_MODULE_AVAILABLE_juce_events=1",
					"JUCE_MODULE_AVAILABLE_juce_graphics=1",
					"JUCE_MODULE_AVAILABLE_juce_gui_basics=1",
					"JUCE_MODULE_AVAILABLE_juce_gui_extra=1",
					"JUCE_GLOBAL_MODULE_SETTINGS_INCLUDED=1",
					"JUCE_VST3_CAN_REPLACE_VST2=0",
					"JUCE_STRICT_REFCOUNTEDPOINTER=1",
					"JucePlugin_Build_VST=0",
					"JucePlugin_Build_VST3=1",
					"JucePlugin_Build_AU=0",
					"JucePlugin_Build_AUv3=0",
					"JucePlugin_Build_RTAS=0",
					"JucePlugin_Build_AAX=0",
					"JucePlugin_Build_Standalone=0",
					"JucePlugin_Build_Unity=0",
					"JucePlugin_Enable_IAA=0",
					"JucePlugin_Name=\\\"DigitalFilters\\\"",
					"JucePlugin_Desc=\\\"DigitalFilters\\\"",
					"JucePlugin_Manufacturer=\\\"yourcompany\\\"",
					"JucePlugin_ManufacturerWebsite=\\\"\\\"",
					"JucePlugin_ManufacturerEmail=\\\"\\\"",
					"JucePlugin_ManufacturerCode=0x4d616e75",
					"JucePlugin_PluginCode=0x53783266",
					"JucePlugin_IsSynth=0",
					"JucePlugin_WantsMidiInput=0",
					"JucePlugin_ProducesMidiOutput=0",
					"JucePlugin_IsMidiEffect=0",
					"JucePlugin_EditorRequiresKeyboardFocus=0",
					"JucePlugin_Version=1.0.0",
					"JucePlugin_VersionCode=0x10000",
					"JucePlugin_VersionString=\\\"1.0.0\\\"",
					"JucePlugin_VSTUniqueID=JucePlugin_PluginCode",
					"JucePlugin_VSTCategory=kPlugCategEffect",
					"JucePlugin_Vst3Category=\\\"Fx\\\"",
					"JucePlugin_AUMainType='aufx'",
					"JucePlugin_AUSubType=JucePlugin_PluginCode",
					"JucePlugin_AUExportPrefix=DigitalFiltersAU",
					"JucePlugin_AUExportPrefixQuoted=\\\"DigitalFiltersAU\\\"",
					"JucePlugin_AUManufacturerCode=JucePlugin_ManufacturerCode",
					"JucePlugin_CFBundleIdentifier=com.yourcompany.DigitalFilters",
					"JucePlugin_RTASCategory=0",
					"JucePlugin_RTASManufacturerCode=JucePlugin_ManufacturerCode",
					"JucePlugin_RTASProductId=JucePlugin_PluginCode",
					"JucePlugin_RTASDisableBypass=0",
					"JucePlugin_RTASDisableMultiMono=0",
					"JucePlugin_AAXIdentifier=com.yourcompany.DigitalFilters",
					"JucePlugin_AAXManufacturerCode=JucePlugin_ManufacturerCode",
					"JucePlugin_AAXProductId=JucePlugin_PluginCode",
					"JucePlugin_AAXCategory=0",
					"JucePlugin_AAXDisableBypass=0",
					"JucePlugin_AAXDisableMultiMono=0",
					"JucePlugin_IAAType=0x61757278",
					"JucePlugin_IAASubType=JucePlugin_PluginCode",
					"JucePlugin_IAAName=\\\"yourcompany:\\ DigitalFilters\\\"",
					"JucePlugin_VSTNumMidiInputs=16",
					"JucePlugin_VSTNumMidiOutputs=16",
					"JUCE_STANDALONE_APPLICATION=JucePlugin_Build_Standalone",
					"JUCER_XCODE_MAC_F6D2F4CF=1",
					"JUCE_APP_VERSION=1.0.0",
					"JUCE_APP_VERSION_HEX=0x10000",
				);
				GCC_VERSION = com.apple.compilers.llvm.clang.1_0;
				GENERATE_PKGINFO_FILE = YES;
				HEADER_SEARCH_PATHS = (
					"/Users/Richie/Desktop/JuceProjects/JUCE/modules/juce_audio_processors/format_types/VST3_SDK",
					"$(SRCROOT)/../../JuceLibraryCode",
					"/Users/Richie/Desktop/JuceProjects/JUCE/modules",
					"/Users/Richie/Desktop/JuceProjects/PlugIns/DigitalFilters/Source/FilterObjects.h",
					"/Users/Richie/Desktop/JuceProjects/JUCE/modules/juce_audio_plugin_client",
					"$(inherited)",
				);
				INFOPLIST_FILE = Info-VST3.plist;
				INFOPLIST_PREPROCESS = NO;
				INSTALL_PATH = "$(HOME)/Library/Audio/Plug-Ins/VST3/";
				LIBRARY_STYLE = Bundle;
				MACOSX_DEPLOYMENT_TARGET = 10.11;
				MTL_HEADER_SEARCH_PATHS = (
					"/Users/Richie/Desktop/JuceProjects/JUCE/modules/juce_audio_processors/format_types/VST3_SDK",
					"$(SRCROOT)/../../JuceLibraryCode",
					"/Users/Richie/Desktop/JuceProjects/JUCE/modules",
					"/Users/Richie/Desktop/JuceProjects/PlugIns/DigitalFilters/Source/FilterObjects.h",
					"/Users/Richie/Desktop/JuceProjects/JUCE/modules/juce_audio_plugin_client",
				);
				OTHER_LDFLAGS = "-bundle -lDigitalFilters";
				PRODUCT_BUNDLE_IDENTIFIER = com.yourcompany.DigitalFilters;
				PRODUCT_NAME = "DigitalFilters";
				USE_HEADERMAP = NO;
				VALID_ARCHS = "i386 x86_64 arm64 arm64e";
				WRAPPER_EXTENSION = vst3;
			};
			name = Debug;
		};
		123C35A0F4B59F1765E5C97B = {
			isa = XCBuildConfiguration;
			buildSettings = {
				CLANG_CXX_LANGUAGE_STANDARD = "c++14";
				CLANG_CXX_LIBRARY = "libc++";
				CLANG_LINK_OBJC_RUNTIME = NO;
				CODE_SIGN_IDENTITY = "";
				COMBINE_HIDPI_IMAGES = YES;
				CONFIGURATION_BUILD_DIR = "$(PROJECT_DIR)/build/$(CONFIGURATION)";
				DEAD_CODE_STRIPPING = YES;
				DEPLOYMENT_LOCATION = YES;
				DSTROOT = /;
				GCC_GENERATE_DEBUGGING_SYMBOLS = NO;
				GCC_OPTIMIZATION_LEVEL = 3;
				GCC_PREPROCESSOR_DEFINITIONS = (
					"_NDEBUG=1",
					"NDEBUG=1",
					"JUCE_DISPLAY_SPLASH_SCREEN=1",
					"JUCE_USE_DARK_SPLASH_SCREEN=1",
					"JUCE_PROJUCER_VERSION=0x60007",
					"JUCE_MODULE_AVAILABLE_juce_audio_basics=1",
					"JUCE_MODULE_AVAILABLE_juce_audio_devices=1",
					"JUCE_MODULE_AVAILABLE_juce_audio_formats=1",
					"JUCE_MODULE_AVAILABLE_juce_audio_plugin_client=1",
					"JUCE_MODULE_AVAILABLE_juce_audio_processors=1",
					"JUCE_MODULE_AVAILABLE_juce_audio_utils=1",
					"JUCE_MODULE_AVAILABLE_juce_core=1",
					"JUCE_MODULE_AVAILABLE_juce_data_structures=1",
					"JUCE_MODULE_AVAILABLE_juce_dsp=1",
					"JUCE_MODULE_AVAILABLE_juce_events=1",
					"JUCE_MODULE_AVAILABLE_juce_graphics=1",
					"JUCE_MODULE_AVAILABLE_juce_gui_basics=1",
					"JUCE_MODULE_AVAILABLE_juce_gui_extra=1",
					"JUCE_GLOBAL_MODULE_SETTINGS_INCLUDED=1",
					"JUCE_VST3_CAN_REPLACE_VST2=0",
					"JUCE_STRICT_REFCOUNTEDPOINTER=1",
					"JucePlugin_Build_VST=0",
					"JucePlugin_Build_VST3=1",
					"JucePlugin_Build_AU=0",
					"JucePlugin_Build_AUv3=0",
					"JucePlugin_Build_RTAS=0",
					"JucePlugin_Build_AAX=0",
					"JucePlugin_Build_Standalone=0",
					"JucePlugin_Build_Unity=0",
					"JucePlugin_Enable_IAA=0",
					"JucePlugin_Name=\\\"DigitalFilters\\\"",
					"JucePlugin_Desc=\\\"DigitalFilters\\\"",
					"JucePlugin_Manufacturer=\\\"yourcompany\\\"",
					"JucePlugin_ManufacturerWebsite=\\\"\\\"",
					"JucePlugin_ManufacturerEmail=\\\"\\\"",
					"JucePlugin_ManufacturerCode=0x4d616e75",
					"JucePlugin_PluginCode=0x53783266",
					"JucePlugin_IsSynth=0",
					"JucePlugin_WantsMidiInput=0",
					"JucePlugin_ProducesMidiOutput=0",
					"JucePlugin_IsMidiEffect=0",
					"JucePlugin_EditorRequiresKeyboardFocus=0",
					"JucePlugin_Version=1.0.0",
					"JucePlugin_VersionCode=0x10000",
					"JucePlugin_VersionString=\\\"1.0.0\\\"",
					"JucePlugin_VSTUniqueID=JucePlugin_PluginCode",
					"JucePlugin_VSTCategory=kPlugCategEffect",
					"JucePlugin_Vst3Category=\\\"Fx\\\"",
					"JucePlugin_AUMainType='aufx'",
					"JucePlugin_AUSubType=JucePlugin_PluginCode",
					"JucePlugin_AUExportPrefix=DigitalFiltersAU",
					"JucePlugin_AUExportPrefixQuoted=\\\"DigitalFiltersAU\\\"",
					"JucePlugin_AUManufacturerCode=JucePlugin_ManufacturerCode",
					"JucePlugin_CFBundleIdentifier=com.yourcompany.DigitalFilters",
					"JucePlugin_RTASCategory=0",
					"JucePlugin_RTASManufacturerCode=JucePlugin_ManufacturerCode",
					"JucePlugin_RTASProductId=JucePlugin_PluginCode",
					"JucePlugin_RTASDisableBypass=0",
					"JucePlugin_RTASDisableMultiMono=0",
					"JucePlugin_AAXIdentifier=com.yourcompany.DigitalFilters",
					"JucePlugin_AAXManufacturerCode=JucePlugin_ManufacturerCode",
					"JucePlugin_AAXProductId=JucePlugin_PluginCode",
					"JucePlugin_AAXCategory=0",
					"JucePlugin_AAXDisableBypass=0",
					"JucePlugin_AAXDisableMultiMono=0",
					"JucePlugin_IAAType=0x61757278",
					"JucePlugin_IAASubType=JucePlugin_PluginCode",
					"JucePlugin_IAAName=\\\"yourcompany:\\ DigitalFilters\\\"",
					"JucePlugin_VSTNumMidiInputs=16",
					"JucePlugin_VSTNumMidiOutputs=16",
					"JUCE_STANDALONE_APPLICATION=JucePlugin_Build_Standalone",
					"JUCER_XCODE_MAC_F6D2F4CF=1",
					"JUCE_APP_VERSION=1.0.0",
					"JUCE_APP_VERSION_HEX=0x10000",
				);
				GCC_VERSION = com.apple.compilers.llvm.clang.1_0;
				GENERATE_PKGINFO_FILE = YES;
				HEADER_SEARCH_PATHS = (
					"/Users/Richie/Desktop/JuceProjects/JUCE/modules/juce_audio_processors/format_types/VST3_SDK",
					"$(SRCROOT)/../../JuceLibraryCode",
					"/Users/Richie/Desktop/JuceProjects/JUCE/modules",
					"/Users/Richie/Desktop/JuceProjects/PlugIns/DigitalFilters/Source/FilterObjects.h",
					"/Users/Richie/Desktop/JuceProjects/JUCE/modules/juce_audio_plugin_client",
					"$(inherited)",
				);
				INFOPLIST_FILE = Info-VST3.plist;
				INFOPLIST_PREPROCESS = NO;
				INSTALL_PATH = "$(HOME)/Library/Audio/Plug-Ins/VST3/";
				LIBRARY_STYLE = Bundle;
				LLVM_LTO = YES;
				MACOSX_DEPLOYMENT_TARGET = 10.11;
				MTL_HEADER_SEARCH_PATHS = (
					"/Users/Richie/Desktop/JuceProjects/JUCE/modules/juce_audio_processors/format_types/VST3_SDK",
					"$(SRCROOT)/../../JuceLibraryCode",
					"/Users/Richie/Desktop/JuceProjects/JUCE/modules",
					"/Users/Richie/Desktop/JuceProjects/PlugIns/DigitalFilters/Source/FilterObjects.h",
					"/Users/Richie/Desktop/JuceProjects/JUCE/modules/juce_audio_plugin_client",
				);
				OTHER_LDFLAGS = "-bundle -lDigitalFilters";
				PRODUCT_BUNDLE_IDENTIFIER = com.yourcompany.DigitalFilters;
				PRODUCT_NAME = "DigitalFilters";
				USE_HEADERMAP = NO;
				VALID_ARCHS = "i386 x86_64 arm64 arm64e";
				WRAPPER_EXTENSION = vst3;
			};
			name = Release;
		};
		34D942E6C37A8AFCD35E6274 = {
			isa = XCBuildConfiguration;
			buildSettings = {
				CLANG_CXX_LANGUAGE_STANDARD = "c++14";
				CLANG_CXX_LIBRARY = "libc++";
				CLANG_LINK_OBJC_RUNTIME = NO;
				CODE_SIGN_IDENTITY = "";
				COMBINE_HIDPI_IMAGES = YES;
				CONFIGURATION_BUILD_DIR = "$(PROJECT_DIR)/build/$(CONFIGURATION)";
				COPY_PHASE_STRIP = NO;
				DEPLOYMENT_LOCATION = YES;
				DSTROOT = /;
				GCC_DYNAMIC_NO_PIC = NO;
				GCC_OPTIMIZATION_LEVEL = 0;
				GCC_PREPROCESSOR_DEFINITIONS = (
					"_DEBUG=1",
					"DEBUG=1",
					"JUCE_DISPLAY_SPLASH_SCREEN=1",
					"JUCE_USE_DARK_SPLASH_SCREEN=1",
					"JUCE_PROJUCER_VERSION=0x60007",
					"JUCE_MODULE_AVAILABLE_juce_audio_basics=1",
					"JUCE_MODULE_AVAILABLE_juce_audio_devices=1",
					"JUCE_MODULE_AVAILABLE_juce_audio_formats=1",
					"JUCE_MODULE_AVAILABLE_juce_audio_plugin_client=1",
					"JUCE_MODULE_AVAILABLE_juce_audio_processors=1",
					"JUCE_MODULE_AVAILABLE_juce_audio_utils=1",
					"JUCE_MODULE_AVAILABLE_juce_core=1",
					"JUCE_MODULE_AVAILABLE_juce_data_structures=1",
					"JUCE_MODULE_AVAILABLE_juce_dsp=1",
					"JUCE_MODULE_AVAILABLE_juce_events=1",
					"JUCE_MODULE_AVAILABLE_juce_graphics=1",
					"JUCE_MODULE_AVAILABLE_juce_gui_basics=1",
					"JUCE_MODULE_AVAILABLE_juce_gui_extra=1",
					"JUCE_GLOBAL_MODULE_SETTINGS_INCLUDED=1",
					"JUCE_VST3_CAN_REPLACE_VST2=0",
					"JUCE_STRICT_REFCOUNTEDPOINTER=1",
					"JucePlugin_Build_VST=0",
					"JucePlugin_Build_VST3=0",
					"JucePlugin_Build_AU=1",
					"JucePlugin_Build_AUv3=0",
					"JucePlugin_Build_RTAS=0",
					"JucePlugin_Build_AAX=0",
					"JucePlugin_Build_Standalone=0",
					"JucePlugin_Build_Unity=0",
					"JucePlugin_Enable_IAA=0",
					"JucePlugin_Name=\\\"DigitalFilters\\\"",
					"JucePlugin_Desc=\\\"DigitalFilters\\\"",
					"JucePlugin_Manufacturer=\\\"yourcompany\\\"",
					"JucePlugin_ManufacturerWebsite=\\\"\\\"",
					"JucePlugin_ManufacturerEmail=\\\"\\\"",
					"JucePlugin_ManufacturerCode=0x4d616e75",
					"JucePlugin_PluginCode=0x53783266",
					"JucePlugin_IsSynth=0",
					"JucePlugin_WantsMidiInput=0",
					"JucePlugin_ProducesMidiOutput=0",
					"JucePlugin_IsMidiEffect=0",
					"JucePlugin_EditorRequiresKeyboardFocus=0",
					"JucePlugin_Version=1.0.0",
					"JucePlugin_VersionCode=0x10000",
					"JucePlugin_VersionString=\\\"1.0.0\\\"",
					"JucePlugin_VSTUniqueID=JucePlugin_PluginCode",
					"JucePlugin_VSTCategory=kPlugCategEffect",
					"JucePlugin_Vst3Category=\\\"Fx\\\"",
					"JucePlugin_AUMainType='aufx'",
					"JucePlugin_AUSubType=JucePlugin_PluginCode",
					"JucePlugin_AUExportPrefix=DigitalFiltersAU",
					"JucePlugin_AUExportPrefixQuoted=\\\"DigitalFiltersAU\\\"",
					"JucePlugin_AUManufacturerCode=JucePlugin_ManufacturerCode",
					"JucePlugin_CFBundleIdentifier=com.yourcompany.DigitalFilters",
					"JucePlugin_RTASCategory=0",
					"JucePlugin_RTASManufacturerCode=JucePlugin_ManufacturerCode",
					"JucePlugin_RTASProductId=JucePlugin_PluginCode",
					"JucePlugin_RTASDisableBypass=0",
					"JucePlugin_RTASDisableMultiMono=0",
					"JucePlugin_AAXIdentifier=com.yourcompany.DigitalFilters",
					"JucePlugin_AAXManufacturerCode=JucePlugin_ManufacturerCode",
					"JucePlugin_AAXProductId=JucePlugin_PluginCode",
					"JucePlugin_AAXCategory=0",
					"JucePlugin_AAXDisableBypass=0",
					"JucePlugin_AAXDisableMultiMono=0",
					"JucePlugin_IAAType=0x61757278",
					"JucePlugin_IAASubType=JucePlugin_PluginCode",
					"JucePlugin_IAAName=\\\"yourcompany:\\ DigitalFilters\\\"",
					"JucePlugin_VSTNumMidiInputs=16",
					"JucePlugin_VSTNumMidiOutputs=16",
					"JUCE_STANDALONE_APPLICATION=JucePlugin_Build_Standalone",
					"JUCER_XCODE_MAC_F6D2F4CF=1",
					"JUCE_APP_VERSION=1.0.0",
					"JUCE_APP_VERSION_HEX=0x10000",
				);
				GCC_VERSION = com.apple.compilers.llvm.clang.1_0;
				GENERATE_PKGINFO_FILE = YES;
				HEADER_SEARCH_PATHS = (
					"/Users/Richie/Desktop/JuceProjects/JUCE/modules/juce_audio_processors/format_types/VST3_SDK",
					"$(SRCROOT)/../../JuceLibraryCode",
					"/Users/Richie/Desktop/JuceProjects/JUCE/modules",
					"/Users/Richie/Desktop/JuceProjects/PlugIns/DigitalFilters/Source/FilterObjects.h",
					"/Users/Richie/Desktop/JuceProjects/JUCE/modules/juce_audio_plugin_client",
					"$(inherited)",
				);
				INFOPLIST_FILE = Info-AU.plist;
				INFOPLIST_PREPROCESS = NO;
				INSTALL_PATH = "$(HOME)/Library/Audio/Plug-Ins/Components/";
				LIBRARY_STYLE = Bundle;
				MACOSX_DEPLOYMENT_TARGET = 10.11;
				MTL_HEADER_SEARCH_PATHS = (
					"/Users/Richie/Desktop/JuceProjects/JUCE/modules/juce_audio_processors/format_types/VST3_SDK",
					"$(SRCROOT)/../../JuceLibraryCode",
					"/Users/Richie/Desktop/JuceProjects/JUCE/modules",
					"/Users/Richie/Desktop/JuceProjects/PlugIns/DigitalFilters/Source/FilterObjects.h",
					"/Users/Richie/Desktop/JuceProjects/JUCE/modules/juce_audio_plugin_client",
				);
				OTHER_LDFLAGS = "-bundle -lDigitalFilters";
				OTHER_REZFLAGS = "-d ppc_$ppc -d i386_$i386 -d ppc64_$ppc64 -d x86_64_$x86_64 -I /System/Library/Frameworks/CoreServices.framework/Frameworks/CarbonCore.framework/Versions/A/Headers -I \"$(DEVELOPER_DIR)/Extras/CoreAudio/AudioUnits/AUPublic/AUBase\" -I \"$(DEVELOPER_DIR)/Platforms/MacOSX.platform/Developer/SDKs/MacOSX.sdk/System/Library/Frameworks/AudioUnit.framework/Headers\"";
				PRODUCT_BUNDLE_IDENTIFIER = com.yourcompany.DigitalFilters;
				PRODUCT_NAME = "DigitalFilters";
				USE_HEADERMAP = NO;
				VALID_ARCHS = "i386 x86_64 arm64 arm64e";
				WRAPPER_EXTENSION = component;
			};
			name = Debug;
		};
		D927006017B1CAC452A83B24 = {
			isa = XCBuildConfiguration;
			buildSettings = {
				CLANG_CXX_LANGUAGE_STANDARD = "c++14";
				CLANG_CXX_LIBRARY = "libc++";
				CLANG_LINK_OBJC_RUNTIME = NO;
				CODE_SIGN_IDENTITY = "";
				COMBINE_HIDPI_IMAGES = YES;
				CONFIGURATION_BUILD_DIR = "$(PROJECT_DIR)/build/$(CONFIGURATION)";
				DEAD_CODE_STRIPPING = YES;
				DEPLOYMENT_LOCATION = YES;
				DSTROOT = /;
				GCC_GENERATE_DEBUGGING_SYMBOLS = NO;
				GCC_OPTIMIZATION_LEVEL = 3;
				GCC_PREPROCESSOR_DEFINITIONS = (
					"_NDEBUG=1",
					"NDEBUG=1",
					"JUCE_DISPLAY_SPLASH_SCREEN=1",
					"JUCE_USE_DARK_SPLASH_SCREEN=1",
					"JUCE_PROJUCER_VERSION=0x60007",
					"JUCE_MODULE_AVAILABLE_juce_audio_basics=1",
					"JUCE_MODULE_AVAILABLE_juce_audio_devices=1",
					"JUCE_MODULE_AVAILABLE_juce_audio_formats=1",
					"JUCE_MODULE_AVAILABLE_juce_audio_plugin_client=1",
					"JUCE_MODULE_AVAILABLE_juce_audio_processors=1",
					"JUCE_MODULE_AVAILABLE_juce_audio_utils=1",
					"JUCE_MODULE_AVAILABLE_juce_core=1",
					"JUCE_MODULE_AVAILABLE_juce_data_structures=1",
					"JUCE_MODULE_AVAILABLE_juce_dsp=1",
					"JUCE_MODULE_AVAILABLE_juce_events=1",
					"JUCE_MODULE_AVAILABLE_juce_graphics=1",
					"JUCE_MODULE_AVAILABLE_juce_gui_basics=1",
					"JUCE_MODULE_AVAILABLE_juce_gui_extra=1",
					"JUCE_GLOBAL_MODULE_SETTINGS_INCLUDED=1",
					"JUCE_VST3_CAN_REPLACE_VST2=0",
					"JUCE_STRICT_REFCOUNTEDPOINTER=1",
					"JucePlugin_Build_VST=0",
					"JucePlugin_Build_VST3=0",
					"JucePlugin_Build_AU=1",
					"JucePlugin_Build_AUv3=0",
					"JucePlugin_Build_RTAS=0",
					"JucePlugin_Build_AAX=0",
					"JucePlugin_Build_Standalone=0",
					"JucePlugin_Build_Unity=0",
					"JucePlugin_Enable_IAA=0",
					"JucePlugin_Name=\\\"DigitalFilters\\\"",
					"JucePlugin_Desc=\\\"DigitalFilters\\\"",
					"JucePlugin_Manufacturer=\\\"yourcompany\\\"",
					"JucePlugin_ManufacturerWebsite=\\\"\\\"",
					"JucePlugin_ManufacturerEmail=\\\"\\\"",
					"JucePlugin_ManufacturerCode=0x4d616e75",
					"JucePlugin_PluginCode=0x53783266",
					"JucePlugin_IsSynth=0",
					"JucePlugin_WantsMidiInput=0",
					"JucePlugin_ProducesMidiOutput=0",
					"JucePlugin_IsMidiEffect=0",
					"JucePlugin_EditorRequiresKeyboardFocus=0",
					"JucePlugin_Version=1.0.0",
					"JucePlugin_VersionCode=0x10000",
					"JucePlugin_VersionString=\\\"1.0.0\\\"",
					"JucePlugin_VSTUniqueID=JucePlugin_PluginCode",
					"JucePlugin_VSTCategory=kPlugCategEffect",
					"JucePlugin_Vst3Category=\\\"Fx\\\"",
					"JucePlugin_AUMainType='aufx'",
					"JucePlugin_AUSubType=JucePlugin_PluginCode",
					"JucePlugin_AUExportPrefix=DigitalFiltersAU",
					"JucePlugin_AUExportPrefixQuoted=\\\"DigitalFiltersAU\\\"",
					"JucePlugin_AUManufacturerCode=JucePlugin_ManufacturerCode",
					"JucePlugin_CFBundleIdentifier=com.yourcompany.DigitalFilters",
					"JucePlugin_RTASCategory=0",
					"JucePlugin_RTASManufacturerCode=JucePlugin_ManufacturerCode",
					"JucePlugin_RTASProductId=JucePlugin_PluginCode",
					"JucePlugin_RTASDisableBypass=0",
					"JucePlugin_RTASDisableMultiMono=0",
					"JucePlugin_AAXIdentifier=com.yourcompany.DigitalFilters",
					"JucePlugin_AAXManufacturerCode=JucePlugin_ManufacturerCode",
					"JucePlugin_AAXProductId=JucePlugin_PluginCode",
					"JucePlugin_AAXCategory=0",
					"JucePlugin_AAXDisableBypass=0",
					"JucePlugin_AAXDisableMultiMono=0",
					"JucePlugin_IAAType=0x61757278",
					"JucePlugin_IAASubType=JucePlugin_PluginCode",
					"JucePlugin_IAAName=\\\"yourcompany:\\ DigitalFilters\\\"",
					"JucePlugin_VSTNumMidiInputs=16",
					"JucePlugin_VSTNumMidiOutputs=16",
					"JUCE_STANDALONE_APPLICATION=JucePlugin_Build_Standalone",
					"JUCER_XCODE_MAC_F6D2F4CF=1",
					"JUCE_APP_VERSION=1.0.0",
					"JUCE_APP_VERSION_HEX=0x10000",
				);
				GCC_VERSION = com.apple.compilers.llvm.clang.1_0;
				GENERATE_PKGINFO_FILE = YES;
				HEADER_SEARCH_PATHS = (
					"/Users/Richie/Desktop/JuceProjects/JUCE/modules/juce_audio_processors/format_types/VST3_SDK",
					"$(SRCROOT)/../../JuceLibraryCode",
					"/Users/Richie/Desktop/JuceProjects/JUCE/modules",
					"/Users/Richie/Desktop/JuceProjects/PlugIns/DigitalFilters/Source/FilterObjects.h",
					"/Users/Richie/Desktop/JuceProjects/JUCE/modules/juce_audio_plugin_client",
					"$(inherited)",
				);
				INFOPLIST_FILE = Info-AU.plist;
				INFOPLIST_PREPROCESS = NO;
				INSTALL_PATH = "$(HOME)/Library/Audio/Plug-Ins/Components/";
				LIBRARY_STYLE = Bundle;
				LLVM_LTO = YES;
				MACOSX_DEPLOYMENT_TARGET = 10.11;
				MTL_HEADER_SEARCH_PATHS = (
					"/Users/Richie/Desktop/JuceProjects/JUCE/modules/juce_audio_processors/format_types/VST3_SDK",
					"$(SRCROOT)/../../JuceLibraryCode",
					"/Users/Richie/Desktop/JuceProjects/JUCE/modules",
					"/Users/Richie/Desktop/JuceProjects/PlugIns/DigitalFilters/Source/FilterObjects.h",
					"/Users/Richie/Desktop/JuceProjects/JUCE/modules/juce_audio_plugin_client",
				);
				OTHER_LDFLAGS = "-bundle -lDigitalFilters";
				OTHER_REZFLAGS = "-d ppc_$ppc -d i386_$i386 -d ppc64_$ppc64 -d x86_64_$x86_64 -I /System/Library/Frameworks/CoreServices.framework/Frameworks/CarbonCore.framework/Versions/A/Headers -I \"$(DEVELOPER_DIR)/Extras/CoreAudio/AudioUnits/AUPublic/AUBase\" -I \"$(DEVELOPER_DIR)/Platforms/MacOSX.platform/Developer/SDKs/MacOSX.sdk/System/Library/Frameworks/AudioUnit.framework/Headers\"";
				PRODUCT_BUNDLE_IDENTIFIER = com.yourcompany.DigitalFilters;
				PRODUCT_NAME = "DigitalFilters";
				USE_HEADERMAP = NO;
				VALID_ARCHS = "i386 x86_64 arm64 arm64e";
				WRAPPER_EXTENSION = component;
			};
			name = Release;
		};
		18F362CF6CB4D363203BD834 = {
			isa = XCBuildConfiguration;
			buildSettings = {
				CLANG_CXX_LANGUAGE_STANDARD = "c++14";
				CLANG_CXX_LIBRARY = "libc++";
				CLANG_LINK_OBJC_RUNTIME = NO;
				CODE_SIGN_IDENTITY = "";
				COMBINE_HIDPI_IMAGES = YES;
				CONFIGURATION_BUILD_DIR = "$(PROJECT_DIR)/build/$(CONFIGURATION)";
				COPY_PHASE_STRIP = NO;
				GCC_DYNAMIC_NO_PIC = NO;
				GCC_OPTIMIZATION_LEVEL = 0;
				GCC_PREPROCESSOR_DEFINITIONS = (
					"_DEBUG=1",
					"DEBUG=1",
					"JUCE_DISPLAY_SPLASH_SCREEN=1",
					"JUCE_USE_DARK_SPLASH_SCREEN=1",
					"JUCE_PROJUCER_VERSION=0x60007",
					"JUCE_MODULE_AVAILABLE_juce_audio_basics=1",
					"JUCE_MODULE_AVAILABLE_juce_audio_devices=1",
					"JUCE_MODULE_AVAILABLE_juce_audio_formats=1",
					"JUCE_MODULE_AVAILABLE_juce_audio_plugin_client=1",
					"JUCE_MODULE_AVAILABLE_juce_audio_processors=1",
					"JUCE_MODULE_AVAILABLE_juce_audio_utils=1",
					"JUCE_MODULE_AVAILABLE_juce_core=1",
					"JUCE_MODULE_AVAILABLE_juce_data_structures=1",
					"JUCE_MODULE_AVAILABLE_juce_dsp=1",
					"JUCE_MODULE_AVAILABLE_juce_events=1",
					"JUCE_MODULE_AVAILABLE_juce_graphics=1",
					"JUCE_MODULE_AVAILABLE_juce_gui_basics=1",
					"JUCE_MODULE_AVAILABLE_juce_gui_extra=1",
					"JUCE_GLOBAL_MODULE_SETTINGS_INCLUDED=1",
					"JUCE_VST3_CAN_REPLACE_VST2=0",
					"JUCE_STRICT_REFCOUNTEDPOINTER=1",
					"JucePlugin_Build_VST=0",
					"JucePlugin_Build_VST3=0",
					"JucePlugin_Build_AU=0",
					"JucePlugin_Build_AUv3=0",
					"JucePlugin_Build_RTAS=0",
					"JucePlugin_Build_AAX=0",
					"JucePlugin_Build_Standalone=1",
					"JucePlugin_Build_Unity=0",
					"JucePlugin_Enable_IAA=0",
					"JucePlugin_Name=\\\"DigitalFilters\\\"",
					"JucePlugin_Desc=\\\"DigitalFilters\\\"",
					"JucePlugin_Manufacturer=\\\"yourcompany\\\"",
					"JucePlugin_ManufacturerWebsite=\\\"\\\"",
					"JucePlugin_ManufacturerEmail=\\\"\\\"",
					"JucePlugin_ManufacturerCode=0x4d616e75",
					"JucePlugin_PluginCode=0x53783266",
					"JucePlugin_IsSynth=0",
					"JucePlugin_WantsMidiInput=0",
					"JucePlugin_ProducesMidiOutput=0",
					"JucePlugin_IsMidiEffect=0",
					"JucePlugin_EditorRequiresKeyboardFocus=0",
					"JucePlugin_Version=1.0.0",
					"JucePlugin_VersionCode=0x10000",
					"JucePlugin_VersionString=\\\"1.0.0\\\"",
					"JucePlugin_VSTUniqueID=JucePlugin_PluginCode",
					"JucePlugin_VSTCategory=kPlugCategEffect",
					"JucePlugin_Vst3Category=\\\"Fx\\\"",
					"JucePlugin_AUMainType='aufx'",
					"JucePlugin_AUSubType=JucePlugin_PluginCode",
					"JucePlugin_AUExportPrefix=DigitalFiltersAU",
					"JucePlugin_AUExportPrefixQuoted=\\\"DigitalFiltersAU\\\"",
					"JucePlugin_AUManufacturerCode=JucePlugin_ManufacturerCode",
					"JucePlugin_CFBundleIdentifier=com.yourcompany.DigitalFilters",
					"JucePlugin_RTASCategory=0",
					"JucePlugin_RTASManufacturerCode=JucePlugin_ManufacturerCode",
					"JucePlugin_RTASProductId=JucePlugin_PluginCode",
					"JucePlugin_RTASDisableBypass=0",
					"JucePlugin_RTASDisableMultiMono=0",
					"JucePlugin_AAXIdentifier=com.yourcompany.DigitalFilters",
					"JucePlugin_AAXManufacturerCode=JucePlugin_ManufacturerCode",
					"JucePlugin_AAXProductId=JucePlugin_PluginCode",
					"JucePlugin_AAXCategory=0",
					"JucePlugin_AAXDisableBypass=0",
					"JucePlugin_AAXDisableMultiMono=0",
					"JucePlugin_IAAType=0x61757278",
					"JucePlugin_IAASubType=JucePlugin_PluginCode",
					"JucePlugin_IAAName=\\\"yourcompany:\\ DigitalFilters\\\"",
					"JucePlugin_VSTNumMidiInputs=16",
					"JucePlugin_VSTNumMidiOutputs=16",
					"JUCE_STANDALONE_APPLICATION=JucePlugin_Build_Standalone",
					"JUCER_XCODE_MAC_F6D2F4CF=1",
					"JUCE_APP_VERSION=1.0.0",
					"JUCE_APP_VERSION_HEX=0x10000",
				);
				GCC_VERSION = com.apple.compilers.llvm.clang.1_0;
				HEADER_SEARCH_PATHS = (
					"/Users/Richie/Desktop/JuceProjects/JUCE/modules/juce_audio_processors/format_types/VST3_SDK",
					"$(SRCROOT)/../../JuceLibraryCode",
					"/Users/Richie/Desktop/JuceProjects/JUCE/modules",
					"/Users/Richie/Desktop/JuceProjects/PlugIns/DigitalFilters/Source/FilterObjects.h",
					"/Users/Richie/Desktop/JuceProjects/JUCE/modules/juce_audio_plugin_client",
					"$(inherited)",
				);
				INFOPLIST_FILE = Info-Standalone_Plugin.plist;
				INFOPLIST_PREPROCESS = NO;
				MACOSX_DEPLOYMENT_TARGET = 10.11;
				MTL_HEADER_SEARCH_PATHS = (
					"/Users/Richie/Desktop/JuceProjects/JUCE/modules/juce_audio_processors/format_types/VST3_SDK",
					"$(SRCROOT)/../../JuceLibraryCode",
					"/Users/Richie/Desktop/JuceProjects/JUCE/modules",
					"/Users/Richie/Desktop/JuceProjects/PlugIns/DigitalFilters/Source/FilterObjects.h",
					"/Users/Richie/Desktop/JuceProjects/JUCE/modules/juce_audio_plugin_client",
				);
				OTHER_LDFLAGS = "-lDigitalFilters";
				PRODUCT_BUNDLE_IDENTIFIER = com.yourcompany.DigitalFilters;
				PRODUCT_NAME = "DigitalFilters";
				USE_HEADERMAP = NO;
				VALID_ARCHS = "i386 x86_64 arm64 arm64e";
			};
			name = Debug;
		};
		D30C42042B79EDB8E4A6948B = {
			isa = XCBuildConfiguration;
			buildSettings = {
				CLANG_CXX_LANGUAGE_STANDARD = "c++14";
				CLANG_CXX_LIBRARY = "libc++";
				CLANG_LINK_OBJC_RUNTIME = NO;
				CODE_SIGN_IDENTITY = "";
				COMBINE_HIDPI_IMAGES = YES;
				CONFIGURATION_BUILD_DIR = "$(PROJECT_DIR)/build/$(CONFIGURATION)";
				DEAD_CODE_STRIPPING = YES;
				GCC_GENERATE_DEBUGGING_SYMBOLS = NO;
				GCC_OPTIMIZATION_LEVEL = 3;
				GCC_PREPROCESSOR_DEFINITIONS = (
					"_NDEBUG=1",
					"NDEBUG=1",
					"JUCE_DISPLAY_SPLASH_SCREEN=1",
					"JUCE_USE_DARK_SPLASH_SCREEN=1",
					"JUCE_PROJUCER_VERSION=0x60007",
					"JUCE_MODULE_AVAILABLE_juce_audio_basics=1",
					"JUCE_MODULE_AVAILABLE_juce_audio_devices=1",
					"JUCE_MODULE_AVAILABLE_juce_audio_formats=1",
					"JUCE_MODULE_AVAILABLE_juce_audio_plugin_client=1",
					"JUCE_MODULE_AVAILABLE_juce_audio_processors=1",
					"JUCE_MODULE_AVAILABLE_juce_audio_utils=1",
					"JUCE_MODULE_AVAILABLE_juce_core=1",
					"JUCE_MODULE_AVAILABLE_juce_data_structures=1",
					"JUCE_MODULE_AVAILABLE_juce_dsp=1",
					"JUCE_MODULE_AVAILABLE_juce_events=1",
					"JUCE_MODULE_AVAILABLE_juce_graphics=1",
					"JUCE_MODULE_AVAILABLE_juce_gui_basics=1",
					"JUCE_MODULE_AVAILABLE_juce_gui_extra=1",
					"JUCE_GLOBAL_MODULE_SETTINGS_INCLUDED=1",
					"JUCE_VST3_CAN_REPLACE_VST2=0",
					"JUCE_STRICT_REFCOUNTEDPOINTER=1",
					"JucePlugin_Build_VST=0",
					"JucePlugin_Build_VST3=0",
					"JucePlugin_Build_AU=0",
					"JucePlugin_Build_AUv3=0",
					"JucePlugin_Build_RTAS=0",
					"JucePlugin_Build_AAX=0",
					"JucePlugin_Build_Standalone=1",
					"JucePlugin_Build_Unity=0",
					"JucePlugin_Enable_IAA=0",
					"JucePlugin_Name=\\\"DigitalFilters\\\"",
					"JucePlugin_Desc=\\\"DigitalFilters\\\"",
					"JucePlugin_Manufacturer=\\\"yourcompany\\\"",
					"JucePlugin_ManufacturerWebsite=\\\"\\\"",
					"JucePlugin_ManufacturerEmail=\\\"\\\"",
					"JucePlugin_ManufacturerCode=0x4d616e75",
					"JucePlugin_PluginCode=0x53783266",
					"JucePlugin_IsSynth=0",
					"JucePlugin_WantsMidiInput=0",
					"JucePlugin_ProducesMidiOutput=0",
					"JucePlugin_IsMidiEffect=0",
					"JucePlugin_EditorRequiresKeyboardFocus=0",
					"JucePlugin_Version=1.0.0",
					"JucePlugin_VersionCode=0x10000",
					"JucePlugin_VersionString=\\\"1.0.0\\\"",
					"JucePlugin_VSTUniqueID=JucePlugin_PluginCode",
					"JucePlugin_VSTCategory=kPlugCategEffect",
					"JucePlugin_Vst3Category=\\\"Fx\\\"",
					"JucePlugin_AUMainType='aufx'",
					"JucePlugin_AUSubType=JucePlugin_PluginCode",
					"JucePlugin_AUExportPrefix=DigitalFiltersAU",
					"JucePlugin_AUExportPrefixQuoted=\\\"DigitalFiltersAU\\\"",
					"JucePlugin_AUManufacturerCode=JucePlugin_ManufacturerCode",
					"JucePlugin_CFBundleIdentifier=com.yourcompany.DigitalFilters",
					"JucePlugin_RTASCategory=0",
					"JucePlugin_RTASManufacturerCode=JucePlugin_ManufacturerCode",
					"JucePlugin_RTASProductId=JucePlugin_PluginCode",
					"JucePlugin_RTASDisableBypass=0",
					"JucePlugin_RTASDisableMultiMono=0",
					"JucePlugin_AAXIdentifier=com.yourcompany.DigitalFilters",
					"JucePlugin_AAXManufacturerCode=JucePlugin_ManufacturerCode",
					"JucePlugin_AAXProductId=JucePlugin_PluginCode",
					"JucePlugin_AAXCategory=0",
					"JucePlugin_AAXDisableBypass=0",
					"JucePlugin_AAXDisableMultiMono=0",
					"JucePlugin_IAAType=0x61757278",
					"JucePlugin_IAASubType=JucePlugin_PluginCode",
					"JucePlugin_IAAName=\\\"yourcompany:\\ DigitalFilters\\\"",
					"JucePlugin_VSTNumMidiInputs=16",
					"JucePlugin_VSTNumMidiOutputs=16",
					"JUCE_STANDALONE_APPLICATION=JucePlugin_Build_Standalone",
					"JUCER_XCODE_MAC_F6D2F4CF=1",
					"JUCE_APP_VERSION=1.0.0",
					"JUCE_APP_VERSION_HEX=0x10000",
				);
				GCC_VERSION = com.apple.compilers.llvm.clang.1_0;
				HEADER_SEARCH_PATHS = (
					"/Users/Richie/Desktop/JuceProjects/JUCE/modules/juce_audio_processors/format_types/VST3_SDK",
					"$(SRCROOT)/../../JuceLibraryCode",
					"/Users/Richie/Desktop/JuceProjects/JUCE/modules",
					"/Users/Richie/Desktop/JuceProjects/PlugIns/DigitalFilters/Source/FilterObjects.h",
					"/Users/Richie/Desktop/JuceProjects/JUCE/modules/juce_audio_plugin_client",
					"$(inherited)",
				);
				INFOPLIST_FILE = Info-Standalone_Plugin.plist;
				INFOPLIST_PREPROCESS = NO;
				LLVM_LTO = YES;
				MACOSX_DEPLOYMENT_TARGET = 10.11;
				MTL_HEADER_SEARCH_PATHS = (
					"/Users/Richie/Desktop/JuceProjects/JUCE/modules/juce_audio_processors/format_types/VST3_SDK",
					"$(SRCROOT)/../../JuceLibraryCode",
					"/Users/Richie/Desktop/JuceProjects/JUCE/modules",
					"/Users/Richie/Desktop/JuceProjects/PlugIns/DigitalFilters/Source/FilterObjects.h",
					"/Users/Richie/Desktop/JuceProjects/JUCE/modules/juce_audio_plugin_client",
				);
				OTHER_LDFLAGS = "-lDigitalFilters";
				PRODUCT_BUNDLE_IDENTIFIER = com.yourcompany.DigitalFilters;
				PRODUCT_NAME = "DigitalFilters";
				USE_HEADERMAP = NO;
				VALID_ARCHS = "i386 x86_64 arm64 arm64e";
			};
			name = Release;
		};
		01D08C9D5FCEDBD4EBC55352 = {
			isa = XCBuildConfiguration;
			buildSettings = {
				CLANG_CXX_LANGUAGE_STANDARD = "c++14";
				CLANG_CXX_LIBRARY = "libc++";
				CLANG_LINK_OBJC_RUNTIME = NO;
				CODE_SIGN_IDENTITY = "";
				COMBINE_HIDPI_IMAGES = YES;
				CONFIGURATION_BUILD_DIR = "$(PROJECT_DIR)/build/$(CONFIGURATION)";
				COPY_PHASE_STRIP = NO;
				GCC_DYNAMIC_NO_PIC = NO;
				GCC_OPTIMIZATION_LEVEL = 0;
				GCC_PREPROCESSOR_DEFINITIONS = (
					"_DEBUG=1",
					"DEBUG=1",
					"JUCE_DISPLAY_SPLASH_SCREEN=1",
					"JUCE_USE_DARK_SPLASH_SCREEN=1",
					"JUCE_PROJUCER_VERSION=0x60007",
					"JUCE_MODULE_AVAILABLE_juce_audio_basics=1",
					"JUCE_MODULE_AVAILABLE_juce_audio_devices=1",
					"JUCE_MODULE_AVAILABLE_juce_audio_formats=1",
					"JUCE_MODULE_AVAILABLE_juce_audio_plugin_client=1",
					"JUCE_MODULE_AVAILABLE_juce_audio_processors=1",
					"JUCE_MODULE_AVAILABLE_juce_audio_utils=1",
					"JUCE_MODULE_AVAILABLE_juce_core=1",
					"JUCE_MODULE_AVAILABLE_juce_data_structures=1",
					"JUCE_MODULE_AVAILABLE_juce_dsp=1",
					"JUCE_MODULE_AVAILABLE_juce_events=1",
					"JUCE_MODULE_AVAILABLE_juce_graphics=1",
					"JUCE_MODULE_AVAILABLE_juce_gui_basics=1",
					"JUCE_MODULE_AVAILABLE_juce_gui_extra=1",
					"JUCE_GLOBAL_MODULE_SETTINGS_INCLUDED=1",
					"JUCE_VST3_CAN_REPLACE_VST2=0",
					"JUCE_STRICT_REFCOUNTEDPOINTER=1",
					"JucePlugin_Build_VST=0",
					"JucePlugin_Build_VST3=1",
					"JucePlugin_Build_AU=1",
					"JucePlugin_Build_AUv3=0",
					"JucePlugin_Build_RTAS=0",
					"JucePlugin_Build_AAX=0",
					"JucePlugin_Build_Standalone=1",
					"JucePlugin_Build_Unity=0",
					"JucePlugin_Enable_IAA=0",
					"JucePlugin_Name=\\\"DigitalFilters\\\"",
					"JucePlugin_Desc=\\\"DigitalFilters\\\"",
					"JucePlugin_Manufacturer=\\\"yourcompany\\\"",
					"JucePlugin_ManufacturerWebsite=\\\"\\\"",
					"JucePlugin_ManufacturerEmail=\\\"\\\"",
					"JucePlugin_ManufacturerCode=0x4d616e75",
					"JucePlugin_PluginCode=0x53783266",
					"JucePlugin_IsSynth=0",
					"JucePlugin_WantsMidiInput=0",
					"JucePlugin_ProducesMidiOutput=0",
					"JucePlugin_IsMidiEffect=0",
					"JucePlugin_EditorRequiresKeyboardFocus=0",
					"JucePlugin_Version=1.0.0",
					"JucePlugin_VersionCode=0x10000",
					"JucePlugin_VersionString=\\\"1.0.0\\\"",
					"JucePlugin_VSTUniqueID=JucePlugin_PluginCode",
					"JucePlugin_VSTCategory=kPlugCategEffect",
					"JucePlugin_Vst3Category=\\\"Fx\\\"",
					"JucePlugin_AUMainType='aufx'",
					"JucePlugin_AUSubType=JucePlugin_PluginCode",
					"JucePlugin_AUExportPrefix=DigitalFiltersAU",
					"JucePlugin_AUExportPrefixQuoted=\\\"DigitalFiltersAU\\\"",
					"JucePlugin_AUManufacturerCode=JucePlugin_ManufacturerCode",
					"JucePlugin_CFBundleIdentifier=com.yourcompany.DigitalFilters",
					"JucePlugin_RTASCategory=0",
					"JucePlugin_RTASManufacturerCode=JucePlugin_ManufacturerCode",
					"JucePlugin_RTASProductId=JucePlugin_PluginCode",
					"JucePlugin_RTASDisableBypass=0",
					"JucePlugin_RTASDisableMultiMono=0",
					"JucePlugin_AAXIdentifier=com.yourcompany.DigitalFilters",
					"JucePlugin_AAXManufacturerCode=JucePlugin_ManufacturerCode",
					"JucePlugin_AAXProductId=JucePlugin_PluginCode",
					"JucePlugin_AAXCategory=0",
					"JucePlugin_AAXDisableBypass=0",
					"JucePlugin_AAXDisableMultiMono=0",
					"JucePlugin_IAAType=0x61757278",
					"JucePlugin_IAASubType=JucePlugin_PluginCode",
					"JucePlugin_IAAName=\\\"yourcompany:\\ DigitalFilters\\\"",
					"JucePlugin_VSTNumMidiInputs=16",
					"JucePlugin_VSTNumMidiOutputs=16",
					"JUCE_STANDALONE_APPLICATION=JucePlugin_Build_Standalone",
					"JUCER_XCODE_MAC_F6D2F4CF=1",
					"JUCE_APP_VERSION=1.0.0",
					"JUCE_APP_VERSION_HEX=0x10000",
					"JUCE_SHARED_CODE=1",
				);
				GCC_VERSION = com.apple.compilers.llvm.clang.1_0;
				HEADER_SEARCH_PATHS = (
					"/Users/Richie/Desktop/JuceProjects/JUCE/modules/juce_audio_processors/format_types/VST3_SDK",
					"$(SRCROOT)/../../JuceLibraryCode",
					"/Users/Richie/Desktop/JuceProjects/JUCE/modules",
					"/Users/Richie/Desktop/JuceProjects/PlugIns/DigitalFilters/Source/FilterObjects.h",
					"/Users/Richie/Desktop/JuceProjects/JUCE/modules/juce_audio_plugin_client",
					"$(inherited)",
				);
				INSTALL_PATH = "@executable_path/../Frameworks";
				MACOSX_DEPLOYMENT_TARGET = 10.11;
				MTL_HEADER_SEARCH_PATHS = (
					"/Users/Richie/Desktop/JuceProjects/JUCE/modules/juce_audio_processors/format_types/VST3_SDK",
					"$(SRCROOT)/../../JuceLibraryCode",
					"/Users/Richie/Desktop/JuceProjects/JUCE/modules",
					"/Users/Richie/Desktop/JuceProjects/PlugIns/DigitalFilters/Source/FilterObjects.h",
					"/Users/Richie/Desktop/JuceProjects/JUCE/modules/juce_audio_plugin_client",
				);
				PRODUCT_BUNDLE_IDENTIFIER = com.yourcompany.DigitalFilters;
				PRODUCT_NAME = "DigitalFilters";
				SKIP_INSTALL = YES;
				USE_HEADERMAP = NO;
				VALID_ARCHS = "i386 x86_64 arm64 arm64e";
			};
			name = Debug;
		};
		6A60CCD592479607685E3D80 = {
			isa = XCBuildConfiguration;
			buildSettings = {
				CLANG_CXX_LANGUAGE_STANDARD = "c++14";
				CLANG_CXX_LIBRARY = "libc++";
				CLANG_LINK_OBJC_RUNTIME = NO;
				CODE_SIGN_IDENTITY = "";
				COMBINE_HIDPI_IMAGES = YES;
				CONFIGURATION_BUILD_DIR = "$(PROJECT_DIR)/build/$(CONFIGURATION)";
				DEAD_CODE_STRIPPING = YES;
				GCC_GENERATE_DEBUGGING_SYMBOLS = NO;
				GCC_OPTIMIZATION_LEVEL = 3;
				GCC_PREPROCESSOR_DEFINITIONS = (
					"_NDEBUG=1",
					"NDEBUG=1",
					"JUCE_DISPLAY_SPLASH_SCREEN=1",
					"JUCE_USE_DARK_SPLASH_SCREEN=1",
					"JUCE_PROJUCER_VERSION=0x60007",
					"JUCE_MODULE_AVAILABLE_juce_audio_basics=1",
					"JUCE_MODULE_AVAILABLE_juce_audio_devices=1",
					"JUCE_MODULE_AVAILABLE_juce_audio_formats=1",
					"JUCE_MODULE_AVAILABLE_juce_audio_plugin_client=1",
					"JUCE_MODULE_AVAILABLE_juce_audio_processors=1",
					"JUCE_MODULE_AVAILABLE_juce_audio_utils=1",
					"JUCE_MODULE_AVAILABLE_juce_core=1",
					"JUCE_MODULE_AVAILABLE_juce_data_structures=1",
					"JUCE_MODULE_AVAILABLE_juce_dsp=1",
					"JUCE_MODULE_AVAILABLE_juce_events=1",
					"JUCE_MODULE_AVAILABLE_juce_graphics=1",
					"JUCE_MODULE_AVAILABLE_juce_gui_basics=1",
					"JUCE_MODULE_AVAILABLE_juce_gui_extra=1",
					"JUCE_GLOBAL_MODULE_SETTINGS_INCLUDED=1",
					"JUCE_VST3_CAN_REPLACE_VST2=0",
					"JUCE_STRICT_REFCOUNTEDPOINTER=1",
					"JucePlugin_Build_VST=0",
					"JucePlugin_Build_VST3=1",
					"JucePlugin_Build_AU=1",
					"JucePlugin_Build_AUv3=0",
					"JucePlugin_Build_RTAS=0",
					"JucePlugin_Build_AAX=0",
					"JucePlugin_Build_Standalone=1",
					"JucePlugin_Build_Unity=0",
					"JucePlugin_Enable_IAA=0",
					"JucePlugin_Name=\\\"DigitalFilters\\\"",
					"JucePlugin_Desc=\\\"DigitalFilters\\\"",
					"JucePlugin_Manufacturer=\\\"yourcompany\\\"",
					"JucePlugin_ManufacturerWebsite=\\\"\\\"",
					"JucePlugin_ManufacturerEmail=\\\"\\\"",
					"JucePlugin_ManufacturerCode=0x4d616e75",
					"JucePlugin_PluginCode=0x53783266",
					"JucePlugin_IsSynth=0",
					"JucePlugin_WantsMidiInput=0",
					"JucePlugin_ProducesMidiOutput=0",
					"JucePlugin_IsMidiEffect=0",
					"JucePlugin_EditorRequiresKeyboardFocus=0",
					"JucePlugin_Version=1.0.0",
					"JucePlugin_VersionCode=0x10000",
					"JucePlugin_VersionString=\\\"1.0.0\\\"",
					"JucePlugin_VSTUniqueID=JucePlugin_PluginCode",
					"JucePlugin_VSTCategory=kPlugCategEffect",
					"JucePlugin_Vst3Category=\\\"Fx\\\"",
					"JucePlugin_AUMainType='aufx'",
					"JucePlugin_AUSubType=JucePlugin_PluginCode",
					"JucePlugin_AUExportPrefix=DigitalFiltersAU",
					"JucePlugin_AUExportPrefixQuoted=\\\"DigitalFiltersAU\\\"",
					"JucePlugin_AUManufacturerCode=JucePlugin_ManufacturerCode",
					"JucePlugin_CFBundleIdentifier=com.yourcompany.DigitalFilters",
					"JucePlugin_RTASCategory=0",
					"JucePlugin_RTASManufacturerCode=JucePlugin_ManufacturerCode",
					"JucePlugin_RTASProductId=JucePlugin_PluginCode",
					"JucePlugin_RTASDisableBypass=0",
					"JucePlugin_RTASDisableMultiMono=0",
					"JucePlugin_AAXIdentifier=com.yourcompany.DigitalFilters",
					"JucePlugin_AAXManufacturerCode=JucePlugin_ManufacturerCode",
					"JucePlugin_AAXProductId=JucePlugin_PluginCode",
					"JucePlugin_AAXCategory=0",
					"JucePlugin_AAXDisableBypass=0",
					"JucePlugin_AAXDisableMultiMono=0",
					"JucePlugin_IAAType=0x61757278",
					"JucePlugin_IAASubType=JucePlugin_PluginCode",
					"JucePlugin_IAAName=\\\"yourcompany:\\ DigitalFilters\\\"",
					"JucePlugin_VSTNumMidiInputs=16",
					"JucePlugin_VSTNumMidiOutputs=16",
					"JUCE_STANDALONE_APPLICATION=JucePlugin_Build_Standalone",
					"JUCER_XCODE_MAC_F6D2F4CF=1",
					"JUCE_APP_VERSION=1.0.0",
					"JUCE_APP_VERSION_HEX=0x10000",
					"JUCE_SHARED_CODE=1",
				);
				GCC_VERSION = com.apple.compilers.llvm.clang.1_0;
				HEADER_SEARCH_PATHS = (
					"/Users/Richie/Desktop/JuceProjects/JUCE/modules/juce_audio_processors/format_types/VST3_SDK",
					"$(SRCROOT)/../../JuceLibraryCode",
					"/Users/Richie/Desktop/JuceProjects/JUCE/modules",
					"/Users/Richie/Desktop/JuceProjects/PlugIns/DigitalFilters/Source/FilterObjects.h",
					"/Users/Richie/Desktop/JuceProjects/JUCE/modules/juce_audio_plugin_client",
					"$(inherited)",
				);
				INSTALL_PATH = "@executable_path/../Frameworks";
				LLVM_LTO = YES;
				MACOSX_DEPLOYMENT_TARGET = 10.11;
				MTL_HEADER_SEARCH_PATHS = (
					"/Users/Richie/Desktop/JuceProjects/JUCE/modules/juce_audio_processors/format_types/VST3_SDK",
					"$(SRCROOT)/../../JuceLibraryCode",
					"/Users/Richie/Desktop/JuceProjects/JUCE/modules",
					"/Users/Richie/Desktop/JuceProjects/PlugIns/DigitalFilters/Source/FilterObjects.h",
					"/Users/Richie/Desktop/JuceProjects/JUCE/modules/juce_audio_plugin_client",
				);
				PRODUCT_BUNDLE_IDENTIFIER = com.yourcompany.DigitalFilters;
				PRODUCT_NAME = "DigitalFilters";
				SKIP_INSTALL = YES;
				USE_HEADERMAP = NO;
				VALID_ARCHS = "i386 x86_64 arm64 arm64e";
			};
			name = Release;
		};
		223F2E68C537B73D77CC5F01 = {
			isa = XCBuildConfiguration;
			buildSettings = {
				ALWAYS_SEARCH_USER_PATHS = NO;
				CLANG_ENABLE_OBJC_WEAK = YES;
				CLANG_WARN_BLOCK_CAPTURE_AUTORELEASING = YES;
				CLANG_WARN_BOOL_CONVERSION = YES;
				CLANG_WARN_COMMA = YES;
				CLANG_WARN_CONSTANT_CONVERSION = YES;
				CLANG_WARN_DEPRECATED_OBJC_IMPLEMENTATIONS = YES;
				CLANG_WARN_EMPTY_BODY = YES;
				CLANG_WARN_ENUM_CONVERSION = YES;
				CLANG_WARN_INFINITE_RECURSION = YES;
				CLANG_WARN_INT_CONVERSION = YES;
				CLANG_WARN_NON_LITERAL_NULL_CONVERSION = YES;
				CLANG_WARN_OBJC_IMPLICIT_RETAIN_SELF = YES;
				CLANG_WARN_OBJC_LITERAL_CONVERSION = YES;
				CLANG_WARN_RANGE_LOOP_ANALYSIS = YES;
				CLANG_WARN_STRICT_PROTOTYPES = YES;
				CLANG_WARN_SUSPICIOUS_MOVE = YES;
				CLANG_WARN_UNREACHABLE_CODE = YES;
				CLANG_WARN__DUPLICATE_METHOD_MATCH = YES;
				CODE_SIGN_IDENTITY = "";
				DEBUG_INFORMATION_FORMAT = dwarf;
				ENABLE_STRICT_OBJC_MSGSEND = YES;
				ENABLE_TESTABILITY = NO;
				GCC_C_LANGUAGE_STANDARD = c11;
				GCC_INLINES_ARE_PRIVATE_EXTERN = YES;
				GCC_MODEL_TUNING = G5;
				GCC_NO_COMMON_BLOCKS = YES;
				GCC_SYMBOLS_PRIVATE_EXTERN = YES;
				GCC_WARN_64_TO_32_BIT_CONVERSION = YES;
				GCC_WARN_ABOUT_RETURN_TYPE = YES;
				GCC_WARN_CHECK_SWITCH_STATEMENTS = YES;
				GCC_WARN_MISSING_PARENTHESES = YES;
				GCC_WARN_NON_VIRTUAL_DESTRUCTOR = YES;
				GCC_WARN_TYPECHECK_CALLS_TO_PRINTF = YES;
				GCC_WARN_UNDECLARED_SELECTOR = YES;
				GCC_WARN_UNINITIALIZED_AUTOS = YES;
				GCC_WARN_UNUSED_FUNCTION = YES;
				GCC_WARN_UNUSED_VARIABLE = YES;
				ONLY_ACTIVE_ARCH = YES;
				PRODUCT_NAME = "DigitalFilters";
				SDKROOT = macosx;
				WARNING_CFLAGS = "-Wreorder";
				ZERO_LINK = NO;
			};
			name = Debug;
		};
		9FC61A6A51651655BF2FE7D7 = {
			isa = XCBuildConfiguration;
			buildSettings = {
				ALWAYS_SEARCH_USER_PATHS = NO;
				CLANG_ENABLE_OBJC_WEAK = YES;
				CLANG_WARN_BLOCK_CAPTURE_AUTORELEASING = YES;
				CLANG_WARN_BOOL_CONVERSION = YES;
				CLANG_WARN_COMMA = YES;
				CLANG_WARN_CONSTANT_CONVERSION = YES;
				CLANG_WARN_DEPRECATED_OBJC_IMPLEMENTATIONS = YES;
				CLANG_WARN_EMPTY_BODY = YES;
				CLANG_WARN_ENUM_CONVERSION = YES;
				CLANG_WARN_INFINITE_RECURSION = YES;
				CLANG_WARN_INT_CONVERSION = YES;
				CLANG_WARN_NON_LITERAL_NULL_CONVERSION = YES;
				CLANG_WARN_OBJC_IMPLICIT_RETAIN_SELF = YES;
				CLANG_WARN_OBJC_LITERAL_CONVERSION = YES;
				CLANG_WARN_RANGE_LOOP_ANALYSIS = YES;
				CLANG_WARN_STRICT_PROTOTYPES = YES;
				CLANG_WARN_SUSPICIOUS_MOVE = YES;
				CLANG_WARN_UNREACHABLE_CODE = YES;
				CLANG_WARN__DUPLICATE_METHOD_MATCH = YES;
				CODE_SIGN_IDENTITY = "";
				DEBUG_INFORMATION_FORMAT = dwarf;
				ENABLE_STRICT_OBJC_MSGSEND = YES;
				ENABLE_TESTABILITY = NO;
				GCC_C_LANGUAGE_STANDARD = c11;
				GCC_INLINES_ARE_PRIVATE_EXTERN = YES;
				GCC_MODEL_TUNING = G5;
				GCC_NO_COMMON_BLOCKS = YES;
				GCC_SYMBOLS_PRIVATE_EXTERN = YES;
				GCC_WARN_64_TO_32_BIT_CONVERSION = YES;
				GCC_WARN_ABOUT_RETURN_TYPE = YES;
				GCC_WARN_CHECK_SWITCH_STATEMENTS = YES;
				GCC_WARN_MISSING_PARENTHESES = YES;
				GCC_WARN_NON_VIRTUAL_DESTRUCTOR = YES;
				GCC_WARN_TYPECHECK_CALLS_TO_PRINTF = YES;
				GCC_WARN_UNDECLARED_SELECTOR = YES;
				GCC_WARN_UNINITIALIZED_AUTOS = YES;
				GCC_WARN_UNUSED_FUNCTION = YES;
				GCC_WARN_UNUSED_VARIABLE = YES;
				PRODUCT_NAME = "DigitalFilters";
				SDKROOT = macosx;
				WARNING_CFLAGS = "-Wreorder";
				ZERO_LINK = NO;
			};
			name = Release;
		};
		E49AE307D978E6DF1CADE6DA = {
			isa = XCConfigurationList;
			buildConfigurations = (
				223F2E68C537B73D77CC5F01,
				9FC61A6A51651655BF2FE7D7,
			);
			defaultConfigurationIsVisible = 0;
			defaultConfigurationName = Debug;
		};
		4DEBD316806C9AA54992FCC7 = {
			isa = XCConfigurationList;
			buildConfigurations = (
				1C2EEDF4FA30D304F14FFE3B,
				A8E3515A91951DDE8244CD80,
			);
			defaultConfigurationIsVisible = 0;
			defaultConfigurationName = Debug;
		};
		C53CA31D37CB7113178F0544 = {
			isa = PBXAggregateTarget;
			buildConfigurationList = 4DEBD316806C9AA54992FCC7;
			buildPhases = ( );
			buildRules = ( );
			dependencies = (
				23E084279410BBE79A784E6D,
				4885C47D3BBBD9F17EAB568B,
				CCB607B12B3668BCBB5C1837,
				38318DBB50AE024B384A9131,
			);
			name = "DigitalFilters - All";
			productName = DigitalFilters;
		};
		954D930763567F54095BD281 = {
			isa = XCConfigurationList;
			buildConfigurations = (
				7C0BBC597D7A361604BC17A8,
				123C35A0F4B59F1765E5C97B,
			);
			defaultConfigurationIsVisible = 0;
			defaultConfigurationName = Debug;
		};
		0A69E5D3F3BF7DB529177585 = {
			isa = PBXResourcesBuildPhase;
			buildActionMask = 2147483647;
			files = (
				8526164D5263E0C327244BD9,
			);
			runOnlyForDeploymentPostprocessing = 0;
		};
		F268608BE16A8DC85DA02CBB = {
			isa = PBXSourcesBuildPhase;
			buildActionMask = 2147483647;
			files = (
				27D7EC830485FD391CAE1D86,
			);
			runOnlyForDeploymentPostprocessing = 0;
		};
		8BB32BFF9F9C871FC217B1F3 = {
			isa = PBXFrameworksBuildPhase;
			buildActionMask = 2147483647;
			files = (
				9E1168FC60DB7EA628971FA4,
				5967FEB5AF3CB274E03D5812,
				1F37BFF37785A0706FDDAC3C,
				FC0B9198D58726E918935701,
				5A563F5DE2CD4882C43A8C5D,
				C846679DB5A004CFED1220D5,
				859EB009261195B85C303A25,
				862C2E34B34C956BACDB3FAF,
				13AA36A4593DC76A8AD54D3C,
				6BFB80EC3C838AD8177AF112,
				035BCC302D08EEAB0FDE66B5,
				79AE66D76D2660A2E42D8D14,
			);
			runOnlyForDeploymentPostprocessing = 0;
		};
		210057FF338ECF20E70A053B = {
			isa = PBXNativeTarget;
			buildConfigurationList = 954D930763567F54095BD281;
			buildPhases = (
				0A69E5D3F3BF7DB529177585,
				F268608BE16A8DC85DA02CBB,
				8BB32BFF9F9C871FC217B1F3,
			);
			buildRules = ( );
			dependencies = (
				EECEA5FB58FC407C9C3E1863,
			);
			name = "DigitalFilters - VST3";
			productName = DigitalFilters;
			productReference = 7449C7A98D453D330C0E8802;
			productType = "com.apple.product-type.bundle";
		};
		CECA83B00B0904BCA467279E = {
			isa = XCConfigurationList;
			buildConfigurations = (
				34D942E6C37A8AFCD35E6274,
				D927006017B1CAC452A83B24,
			);
			defaultConfigurationIsVisible = 0;
			defaultConfigurationName = Debug;
		};
		6CA2F1FA51CDCCD710139AB0 = {
			isa = PBXResourcesBuildPhase;
			buildActionMask = 2147483647;
			files = (
				8526164D5263E0C327244BD9,
			);
			runOnlyForDeploymentPostprocessing = 0;
		};
		A47A26BCC88E341277D62DCA = {
			isa = PBXRezBuildPhase;
			buildActionMask = 2147483647;
			files = (
				6799B6F45CBBE3040315757E,
			);
			runOnlyForDeploymentPostprocessing = 0;
		};
		E989241E820493FE4A526C9D = {
			isa = PBXSourcesBuildPhase;
			buildActionMask = 2147483647;
			files = (
				1B97DE753ADB366F7D8211AD,
				6874E2E1A9527C0343D08593,
			);
			runOnlyForDeploymentPostprocessing = 0;
		};
		B0AE2608B562A24AA086EED5 = {
			isa = PBXFrameworksBuildPhase;
			buildActionMask = 2147483647;
			files = (
				F2A490C875A30B2DEEE29807,
				9E1168FC60DB7EA628971FA4,
				5967FEB5AF3CB274E03D5812,
				1F37BFF37785A0706FDDAC3C,
				FC0B9198D58726E918935701,
				5A563F5DE2CD4882C43A8C5D,
				C846679DB5A004CFED1220D5,
				859EB009261195B85C303A25,
				862C2E34B34C956BACDB3FAF,
				13AA36A4593DC76A8AD54D3C,
				6BFB80EC3C838AD8177AF112,
				035BCC302D08EEAB0FDE66B5,
				79AE66D76D2660A2E42D8D14,
			);
			runOnlyForDeploymentPostprocessing = 0;
		};
		08493BF84176E8BA7CCABBD0 = {
			isa = PBXNativeTarget;
			buildConfigurationList = CECA83B00B0904BCA467279E;
			buildPhases = (
				6CA2F1FA51CDCCD710139AB0,
				A47A26BCC88E341277D62DCA,
				E989241E820493FE4A526C9D,
				B0AE2608B562A24AA086EED5,
			);
			buildRules = ( );
			dependencies = (
				302CAF77EEF92183E855A31D,
			);
			name = "DigitalFilters - AU";
			productName = DigitalFilters;
			productReference = 3435E35F66D082C1EEDC8A9D;
			productType = "com.apple.product-type.bundle";
		};
		A2CF5AFEF8A26634299441FD = {
			isa = XCConfigurationList;
			buildConfigurations = (
				18F362CF6CB4D363203BD834,
				D30C42042B79EDB8E4A6948B,
			);
			defaultConfigurationIsVisible = 0;
			defaultConfigurationName = Debug;
		};
		DB8836550C5D3769668B62B1 = {
			isa = PBXResourcesBuildPhase;
			buildActionMask = 2147483647;
			files = (
				8526164D5263E0C327244BD9,
			);
			runOnlyForDeploymentPostprocessing = 0;
		};
		53AE8C98B451FDE33F772304 = {
			isa = PBXSourcesBuildPhase;
			buildActionMask = 2147483647;
			files = (
				A6066B2A9B6ED66DF16A25AA,
			);
			runOnlyForDeploymentPostprocessing = 0;
		};
		6866DEF71802FCF6601CDEEF = {
			isa = PBXFrameworksBuildPhase;
			buildActionMask = 2147483647;
			files = (
				9E1168FC60DB7EA628971FA4,
				5967FEB5AF3CB274E03D5812,
				1F37BFF37785A0706FDDAC3C,
				FC0B9198D58726E918935701,
				5A563F5DE2CD4882C43A8C5D,
				C846679DB5A004CFED1220D5,
				859EB009261195B85C303A25,
				862C2E34B34C956BACDB3FAF,
				13AA36A4593DC76A8AD54D3C,
				6BFB80EC3C838AD8177AF112,
				035BCC302D08EEAB0FDE66B5,
				79AE66D76D2660A2E42D8D14,
			);
			runOnlyForDeploymentPostprocessing = 0;
		};
		AEFEEAC148D219CB5FA6E551 = {
			isa = PBXNativeTarget;
			buildConfigurationList = A2CF5AFEF8A26634299441FD;
			buildPhases = (
				DB8836550C5D3769668B62B1,
				53AE8C98B451FDE33F772304,
				6866DEF71802FCF6601CDEEF,
			);
			buildRules = ( );
			dependencies = (
				CB0E35CBFEF1930D84D389C0,
			);
			name = "DigitalFilters - Standalone Plugin";
			productName = DigitalFilters;
			productReference = 9F3EC620288C478A36B56BF2;
			productType = "com.apple.product-type.application";
		};
		21216CE74650DB982A948086 = {
			isa = XCConfigurationList;
			buildConfigurations = (
				01D08C9D5FCEDBD4EBC55352,
				6A60CCD592479607685E3D80,
			);
			defaultConfigurationIsVisible = 0;
			defaultConfigurationName = Debug;
		};
		5E766503D695C1B764B1E6AB = {
			isa = PBXSourcesBuildPhase;
			buildActionMask = 2147483647;
			files = (
				3E67BEC160E2050B6C2E48E1,
				AC8DDDB1A7652FFB5C2C2AF1,
				090EA4B64903847AA582378E,
				F3755FA8E7991270AE4E673D,
				858286E12CD18AC0392C8D77,
				EC10AC06447ADD31DA835435,
				8979259CDAF0B69E6A8AA65B,
				2A3892FF7111F6807436DCBE,
				50B643FA3D6E7BE9791B3514,
				7A36038D8CB242A481999E1F,
				8DBA3F723F9D63CD84EE20F4,
				56EE095DB854C8DE9901028D,
				280EBA8E154A6587E52EA703,
				15219BEE842B01FF1D0D7594,
				4A9DE1950E1065A942D57C2C,
				54535829C9502005355ADE12,
			);
			runOnlyForDeploymentPostprocessing = 0;
		};
		C98591163DA0AC2798DF71B7 = {
			isa = PBXNativeTarget;
			buildConfigurationList = 21216CE74650DB982A948086;
			buildPhases = (
				5E766503D695C1B764B1E6AB,
			);
			buildRules = ( );
			dependencies = ( );
			name = "DigitalFilters - Shared Code";
			productName = DigitalFilters;
			productReference = 018DC1907350206A067CBCEE;
			productType = "com.apple.product-type.library.static";
		};
		DEE0193347F2BD0338C489B9 = {
			isa = PBXProject;
			buildConfigurationList = E49AE307D978E6DF1CADE6DA;
			attributes = { LastUpgradeCheck = 1230; ORGANIZATIONNAME = ""; TargetAttributes = { C53CA31D37CB7113178F0544 = { SystemCapabilities = {com.apple.ApplicationGroups.iOS = { enabled = 0; }; com.apple.InAppPurchase = { enabled = 0; }; com.apple.InterAppAudio = { enabled = 0; }; com.apple.Push = { enabled = 0; }; com.apple.Sandbox = { enabled = 0; }; com.apple.HardenedRuntime = { enabled = 0; }; }; };210057FF338ECF20E70A053B = { SystemCapabilities = {com.apple.ApplicationGroups.iOS = { enabled = 0; }; com.apple.InAppPurchase = { enabled = 0; }; com.apple.InterAppAudio = { enabled = 0; }; com.apple.Push = { enabled = 0; }; com.apple.Sandbox = { enabled = 0; }; com.apple.HardenedRuntime = { enabled = 0; }; }; };08493BF84176E8BA7CCABBD0 = { SystemCapabilities = {com.apple.ApplicationGroups.iOS = { enabled = 0; }; com.apple.InAppPurchase = { enabled = 0; }; com.apple.InterAppAudio = { enabled = 0; }; com.apple.Push = { enabled = 0; }; com.apple.Sandbox = { enabled = 0; }; com.apple.HardenedRuntime = { enabled = 0; }; }; };AEFEEAC148D219CB5FA6E551 = { SystemCapabilities = {com.apple.ApplicationGroups.iOS = { enabled = 0; }; com.apple.InAppPurchase = { enabled = 0; }; com.apple.InterAppAudio = { enabled = 0; }; com.apple.Push = { enabled = 0; }; com.apple.Sandbox = { enabled = 0; }; com.apple.HardenedRuntime = { enabled = 0; }; }; };C98591163DA0AC2798DF71B7 = { SystemCapabilities = {com.apple.ApplicationGroups.iOS = { enabled = 0; }; com.apple.InAppPurchase = { enabled = 0; }; com.apple.InterAppAudio = { enabled = 0; }; com.apple.Push = { enabled = 0; }; com.apple.Sandbox = { enabled = 0; }; com.apple.HardenedRuntime = { enabled = 0; }; }; }; }; };
			compatibilityVersion = "Xcode 3.2";
			hasScannedForEncodings = 0;
			mainGroup = 0D23188E131BF18188C996D6;
			projectDirPath = "";
			projectRoot = "";
			targets = (C53CA31D37CB7113178F0544, 210057FF338ECF20E70A053B, 08493BF84176E8BA7CCABBD0, AEFEEAC148D219CB5FA6E551, C98591163DA0AC2798DF71B7);
			knownRegions = (en, Base);
		};
	};
	rootObject = DEE0193347F2BD0338C489B9;
}
